// !$*UTF8*$!
{
	archiveVersion = 1;
	classes = {
	};
	objectVersion = 55;
	objects = {

/* Begin PBXBuildFile section */
		3F5E504F27FA741D00D63C37 /* AppDelegate.swift in Sources */ = {isa = PBXBuildFile; fileRef = 3F5E504E27FA741D00D63C37 /* AppDelegate.swift */; };
		3F5E505127FA741D00D63C37 /* SceneDelegate.swift in Sources */ = {isa = PBXBuildFile; fileRef = 3F5E505027FA741D00D63C37 /* SceneDelegate.swift */; };
		3F5E505327FA741D00D63C37 /* ViewController.swift in Sources */ = {isa = PBXBuildFile; fileRef = 3F5E505227FA741D00D63C37 /* ViewController.swift */; };
		3F5E505627FA741D00D63C37 /* Main.storyboard in Resources */ = {isa = PBXBuildFile; fileRef = 3F5E505427FA741D00D63C37 /* Main.storyboard */; };
		3F5E505827FA741F00D63C37 /* Assets.xcassets in Resources */ = {isa = PBXBuildFile; fileRef = 3F5E505727FA741F00D63C37 /* Assets.xcassets */; };
		3F5E505B27FA741F00D63C37 /* LaunchScreen.storyboard in Resources */ = {isa = PBXBuildFile; fileRef = 3F5E505927FA741F00D63C37 /* LaunchScreen.storyboard */; };
		3F5E506627FA741F00D63C37 /* Weather_iOS_AppTests.swift in Sources */ = {isa = PBXBuildFile; fileRef = 3F5E506527FA741F00D63C37 /* Weather_iOS_AppTests.swift */; };
		3F5E507027FA741F00D63C37 /* Weather_iOS_AppUITests.swift in Sources */ = {isa = PBXBuildFile; fileRef = 3F5E506F27FA741F00D63C37 /* Weather_iOS_AppUITests.swift */; };
		3F5E507227FA741F00D63C37 /* Weather_iOS_AppUITestsLaunchTests.swift in Sources */ = {isa = PBXBuildFile; fileRef = 3F5E507127FA741F00D63C37 /* Weather_iOS_AppUITestsLaunchTests.swift */; };
		3F5E508327FA7F7D00D63C37 /* PageViewController.swift in Sources */ = {isa = PBXBuildFile; fileRef = 3F5E508227FA7F7D00D63C37 /* PageViewController.swift */; };
		3F5E508527FA837900D63C37 /* WeatherViewController.swift in Sources */ = {isa = PBXBuildFile; fileRef = 3F5E508427FA837900D63C37 /* WeatherViewController.swift */; };
		3F5E508727FA84C600D63C37 /* SearchViewController.swift in Sources */ = {isa = PBXBuildFile; fileRef = 3F5E508627FA84C600D63C37 /* SearchViewController.swift */; };
		3F5E508927FA859800D63C37 /* LocationListViewController.swift in Sources */ = {isa = PBXBuildFile; fileRef = 3F5E508827FA859800D63C37 /* LocationListViewController.swift */; };
/* End PBXBuildFile section */

/* Begin PBXContainerItemProxy section */
		3F5E506227FA741F00D63C37 /* PBXContainerItemProxy */ = {
			isa = PBXContainerItemProxy;
			containerPortal = 3F5E504327FA741D00D63C37 /* Project object */;
			proxyType = 1;
			remoteGlobalIDString = 3F5E504A27FA741D00D63C37;
			remoteInfo = "Weather iOS App";
		};
		3F5E506C27FA741F00D63C37 /* PBXContainerItemProxy */ = {
			isa = PBXContainerItemProxy;
			containerPortal = 3F5E504327FA741D00D63C37 /* Project object */;
			proxyType = 1;
			remoteGlobalIDString = 3F5E504A27FA741D00D63C37;
			remoteInfo = "Weather iOS App";
		};
/* End PBXContainerItemProxy section */

/* Begin PBXFileReference section */
		3F5E504B27FA741D00D63C37 /* Weather iOS App.app */ = {isa = PBXFileReference; explicitFileType = wrapper.application; includeInIndex = 0; path = "Weather iOS App.app"; sourceTree = BUILT_PRODUCTS_DIR; };
		3F5E504E27FA741D00D63C37 /* AppDelegate.swift */ = {isa = PBXFileReference; lastKnownFileType = sourcecode.swift; path = AppDelegate.swift; sourceTree = "<group>"; };
		3F5E505027FA741D00D63C37 /* SceneDelegate.swift */ = {isa = PBXFileReference; lastKnownFileType = sourcecode.swift; path = SceneDelegate.swift; sourceTree = "<group>"; };
		3F5E505227FA741D00D63C37 /* ViewController.swift */ = {isa = PBXFileReference; lastKnownFileType = sourcecode.swift; path = ViewController.swift; sourceTree = "<group>"; };
		3F5E505527FA741D00D63C37 /* Base */ = {isa = PBXFileReference; lastKnownFileType = file.storyboard; name = Base; path = Base.lproj/Main.storyboard; sourceTree = "<group>"; };
		3F5E505727FA741F00D63C37 /* Assets.xcassets */ = {isa = PBXFileReference; lastKnownFileType = folder.assetcatalog; path = Assets.xcassets; sourceTree = "<group>"; };
		3F5E505A27FA741F00D63C37 /* Base */ = {isa = PBXFileReference; lastKnownFileType = file.storyboard; name = Base; path = Base.lproj/LaunchScreen.storyboard; sourceTree = "<group>"; };
		3F5E505C27FA741F00D63C37 /* Info.plist */ = {isa = PBXFileReference; lastKnownFileType = text.plist.xml; path = Info.plist; sourceTree = "<group>"; };
		3F5E506127FA741F00D63C37 /* Weather iOS AppTests.xctest */ = {isa = PBXFileReference; explicitFileType = wrapper.cfbundle; includeInIndex = 0; path = "Weather iOS AppTests.xctest"; sourceTree = BUILT_PRODUCTS_DIR; };
		3F5E506527FA741F00D63C37 /* Weather_iOS_AppTests.swift */ = {isa = PBXFileReference; lastKnownFileType = sourcecode.swift; path = Weather_iOS_AppTests.swift; sourceTree = "<group>"; };
		3F5E506B27FA741F00D63C37 /* Weather iOS AppUITests.xctest */ = {isa = PBXFileReference; explicitFileType = wrapper.cfbundle; includeInIndex = 0; path = "Weather iOS AppUITests.xctest"; sourceTree = BUILT_PRODUCTS_DIR; };
		3F5E506F27FA741F00D63C37 /* Weather_iOS_AppUITests.swift */ = {isa = PBXFileReference; lastKnownFileType = sourcecode.swift; path = Weather_iOS_AppUITests.swift; sourceTree = "<group>"; };
		3F5E507127FA741F00D63C37 /* Weather_iOS_AppUITestsLaunchTests.swift */ = {isa = PBXFileReference; lastKnownFileType = sourcecode.swift; path = Weather_iOS_AppUITestsLaunchTests.swift; sourceTree = "<group>"; };
		3F5E508227FA7F7D00D63C37 /* PageViewController.swift */ = {isa = PBXFileReference; lastKnownFileType = sourcecode.swift; path = PageViewController.swift; sourceTree = "<group>"; };
		3F5E508427FA837900D63C37 /* WeatherViewController.swift */ = {isa = PBXFileReference; lastKnownFileType = sourcecode.swift; path = WeatherViewController.swift; sourceTree = "<group>"; };
		3F5E508627FA84C600D63C37 /* SearchViewController.swift */ = {isa = PBXFileReference; lastKnownFileType = sourcecode.swift; path = SearchViewController.swift; sourceTree = "<group>"; };
		3F5E508827FA859800D63C37 /* LocationListViewController.swift */ = {isa = PBXFileReference; lastKnownFileType = sourcecode.swift; path = LocationListViewController.swift; sourceTree = "<group>"; };
/* End PBXFileReference section */

/* Begin PBXFrameworksBuildPhase section */
		3F5E504827FA741D00D63C37 /* Frameworks */ = {
			isa = PBXFrameworksBuildPhase;
			buildActionMask = 2147483647;
			files = (
			);
			runOnlyForDeploymentPostprocessing = 0;
		};
		3F5E505E27FA741F00D63C37 /* Frameworks */ = {
			isa = PBXFrameworksBuildPhase;
			buildActionMask = 2147483647;
			files = (
			);
			runOnlyForDeploymentPostprocessing = 0;
		};
		3F5E506827FA741F00D63C37 /* Frameworks */ = {
			isa = PBXFrameworksBuildPhase;
			buildActionMask = 2147483647;
			files = (
			);
			runOnlyForDeploymentPostprocessing = 0;
		};
/* End PBXFrameworksBuildPhase section */

/* Begin PBXGroup section */
		3F5E504227FA741D00D63C37 = {
			isa = PBXGroup;
			children = (
				3F5E504D27FA741D00D63C37 /* Weather iOS App */,
				3F5E506427FA741F00D63C37 /* Weather iOS AppTests */,
				3F5E506E27FA741F00D63C37 /* Weather iOS AppUITests */,
				3F5E504C27FA741D00D63C37 /* Products */,
			);
			sourceTree = "<group>";
		};
		3F5E504C27FA741D00D63C37 /* Products */ = {
			isa = PBXGroup;
			children = (
				3F5E504B27FA741D00D63C37 /* Weather iOS App.app */,
				3F5E506127FA741F00D63C37 /* Weather iOS AppTests.xctest */,
				3F5E506B27FA741F00D63C37 /* Weather iOS AppUITests.xctest */,
			);
			name = Products;
			sourceTree = "<group>";
		};
		3F5E504D27FA741D00D63C37 /* Weather iOS App */ = {
			isa = PBXGroup;
			children = (
				3F5E508127FA7F4B00D63C37 /* View Controllers */,
				3F5E504E27FA741D00D63C37 /* AppDelegate.swift */,
				3F5E505027FA741D00D63C37 /* SceneDelegate.swift */,
				3F5E505227FA741D00D63C37 /* ViewController.swift */,
				3F5E505427FA741D00D63C37 /* Main.storyboard */,
				3F5E505727FA741F00D63C37 /* Assets.xcassets */,
				3F5E505927FA741F00D63C37 /* LaunchScreen.storyboard */,
				3F5E505C27FA741F00D63C37 /* Info.plist */,
			);
			path = "Weather iOS App";
			sourceTree = "<group>";
		};
		3F5E506427FA741F00D63C37 /* Weather iOS AppTests */ = {
			isa = PBXGroup;
			children = (
				3F5E506527FA741F00D63C37 /* Weather_iOS_AppTests.swift */,
			);
			path = "Weather iOS AppTests";
			sourceTree = "<group>";
		};
		3F5E506E27FA741F00D63C37 /* Weather iOS AppUITests */ = {
			isa = PBXGroup;
			children = (
				3F5E506F27FA741F00D63C37 /* Weather_iOS_AppUITests.swift */,
				3F5E507127FA741F00D63C37 /* Weather_iOS_AppUITestsLaunchTests.swift */,
			);
			path = "Weather iOS AppUITests";
			sourceTree = "<group>";
		};
		3F5E508127FA7F4B00D63C37 /* View Controllers */ = {
			isa = PBXGroup;
			children = (
				3F5E508227FA7F7D00D63C37 /* PageViewController.swift */,
				3F5E508427FA837900D63C37 /* WeatherViewController.swift */,
				3F5E508627FA84C600D63C37 /* SearchViewController.swift */,
				3F5E508827FA859800D63C37 /* LocationListViewController.swift */,
			);
			path = "View Controllers";
			sourceTree = "<group>";
		};
/* End PBXGroup section */

/* Begin PBXNativeTarget section */
		3F5E504A27FA741D00D63C37 /* Weather iOS App */ = {
			isa = PBXNativeTarget;
			buildConfigurationList = 3F5E507527FA741F00D63C37 /* Build configuration list for PBXNativeTarget "Weather iOS App" */;
			buildPhases = (
				3F5E504727FA741D00D63C37 /* Sources */,
				3F5E504827FA741D00D63C37 /* Frameworks */,
				3F5E504927FA741D00D63C37 /* Resources */,
			);
			buildRules = (
			);
			dependencies = (
			);
			name = "Weather iOS App";
			productName = "Weather iOS App";
			productReference = 3F5E504B27FA741D00D63C37 /* Weather iOS App.app */;
			productType = "com.apple.product-type.application";
		};
		3F5E506027FA741F00D63C37 /* Weather iOS AppTests */ = {
			isa = PBXNativeTarget;
			buildConfigurationList = 3F5E507827FA741F00D63C37 /* Build configuration list for PBXNativeTarget "Weather iOS AppTests" */;
			buildPhases = (
				3F5E505D27FA741F00D63C37 /* Sources */,
				3F5E505E27FA741F00D63C37 /* Frameworks */,
				3F5E505F27FA741F00D63C37 /* Resources */,
			);
			buildRules = (
			);
			dependencies = (
				3F5E506327FA741F00D63C37 /* PBXTargetDependency */,
			);
			name = "Weather iOS AppTests";
			productName = "Weather iOS AppTests";
			productReference = 3F5E506127FA741F00D63C37 /* Weather iOS AppTests.xctest */;
			productType = "com.apple.product-type.bundle.unit-test";
		};
		3F5E506A27FA741F00D63C37 /* Weather iOS AppUITests */ = {
			isa = PBXNativeTarget;
			buildConfigurationList = 3F5E507B27FA741F00D63C37 /* Build configuration list for PBXNativeTarget "Weather iOS AppUITests" */;
			buildPhases = (
				3F5E506727FA741F00D63C37 /* Sources */,
				3F5E506827FA741F00D63C37 /* Frameworks */,
				3F5E506927FA741F00D63C37 /* Resources */,
			);
			buildRules = (
			);
			dependencies = (
				3F5E506D27FA741F00D63C37 /* PBXTargetDependency */,
			);
			name = "Weather iOS AppUITests";
			productName = "Weather iOS AppUITests";
			productReference = 3F5E506B27FA741F00D63C37 /* Weather iOS AppUITests.xctest */;
			productType = "com.apple.product-type.bundle.ui-testing";
		};
/* End PBXNativeTarget section */

/* Begin PBXProject section */
		3F5E504327FA741D00D63C37 /* Project object */ = {
			isa = PBXProject;
			attributes = {
				BuildIndependentTargetsInParallel = 1;
				LastSwiftUpdateCheck = 1330;
				LastUpgradeCheck = 1330;
				TargetAttributes = {
					3F5E504A27FA741D00D63C37 = {
						CreatedOnToolsVersion = 13.3;
					};
					3F5E506027FA741F00D63C37 = {
						CreatedOnToolsVersion = 13.3;
						TestTargetID = 3F5E504A27FA741D00D63C37;
					};
					3F5E506A27FA741F00D63C37 = {
						CreatedOnToolsVersion = 13.3;
						TestTargetID = 3F5E504A27FA741D00D63C37;
					};
				};
			};
			buildConfigurationList = 3F5E504627FA741D00D63C37 /* Build configuration list for PBXProject "Weather iOS App" */;
			compatibilityVersion = "Xcode 13.0";
			developmentRegion = en;
			hasScannedForEncodings = 0;
			knownRegions = (
				en,
				Base,
			);
			mainGroup = 3F5E504227FA741D00D63C37;
			productRefGroup = 3F5E504C27FA741D00D63C37 /* Products */;
			projectDirPath = "";
			projectRoot = "";
			targets = (
				3F5E504A27FA741D00D63C37 /* Weather iOS App */,
				3F5E506027FA741F00D63C37 /* Weather iOS AppTests */,
				3F5E506A27FA741F00D63C37 /* Weather iOS AppUITests */,
			);
		};
/* End PBXProject section */

/* Begin PBXResourcesBuildPhase section */
		3F5E504927FA741D00D63C37 /* Resources */ = {
			isa = PBXResourcesBuildPhase;
			buildActionMask = 2147483647;
			files = (
				3F5E505B27FA741F00D63C37 /* LaunchScreen.storyboard in Resources */,
				3F5E505827FA741F00D63C37 /* Assets.xcassets in Resources */,
				3F5E505627FA741D00D63C37 /* Main.storyboard in Resources */,
			);
			runOnlyForDeploymentPostprocessing = 0;
		};
		3F5E505F27FA741F00D63C37 /* Resources */ = {
			isa = PBXResourcesBuildPhase;
			buildActionMask = 2147483647;
			files = (
			);
			runOnlyForDeploymentPostprocessing = 0;
		};
		3F5E506927FA741F00D63C37 /* Resources */ = {
			isa = PBXResourcesBuildPhase;
			buildActionMask = 2147483647;
			files = (
			);
			runOnlyForDeploymentPostprocessing = 0;
		};
/* End PBXResourcesBuildPhase section */

/* Begin PBXSourcesBuildPhase section */
		3F5E504727FA741D00D63C37 /* Sources */ = {
			isa = PBXSourcesBuildPhase;
			buildActionMask = 2147483647;
			files = (
				3F5E508727FA84C600D63C37 /* SearchViewController.swift in Sources */,
				3F5E505327FA741D00D63C37 /* ViewController.swift in Sources */,
				3F5E508527FA837900D63C37 /* WeatherViewController.swift in Sources */,
				3F5E508927FA859800D63C37 /* LocationListViewController.swift in Sources */,
				3F5E504F27FA741D00D63C37 /* AppDelegate.swift in Sources */,
				3F5E505127FA741D00D63C37 /* SceneDelegate.swift in Sources */,
				3F5E508327FA7F7D00D63C37 /* PageViewController.swift in Sources */,
			);
			runOnlyForDeploymentPostprocessing = 0;
		};
		3F5E505D27FA741F00D63C37 /* Sources */ = {
			isa = PBXSourcesBuildPhase;
			buildActionMask = 2147483647;
			files = (
				3F5E506627FA741F00D63C37 /* Weather_iOS_AppTests.swift in Sources */,
			);
			runOnlyForDeploymentPostprocessing = 0;
		};
		3F5E506727FA741F00D63C37 /* Sources */ = {
			isa = PBXSourcesBuildPhase;
			buildActionMask = 2147483647;
			files = (
				3F5E507027FA741F00D63C37 /* Weather_iOS_AppUITests.swift in Sources */,
				3F5E507227FA741F00D63C37 /* Weather_iOS_AppUITestsLaunchTests.swift in Sources */,
			);
			runOnlyForDeploymentPostprocessing = 0;
		};
/* End PBXSourcesBuildPhase section */

/* Begin PBXTargetDependency section */
		3F5E506327FA741F00D63C37 /* PBXTargetDependency */ = {
			isa = PBXTargetDependency;
			target = 3F5E504A27FA741D00D63C37 /* Weather iOS App */;
			targetProxy = 3F5E506227FA741F00D63C37 /* PBXContainerItemProxy */;
		};
		3F5E506D27FA741F00D63C37 /* PBXTargetDependency */ = {
			isa = PBXTargetDependency;
			target = 3F5E504A27FA741D00D63C37 /* Weather iOS App */;
			targetProxy = 3F5E506C27FA741F00D63C37 /* PBXContainerItemProxy */;
		};
/* End PBXTargetDependency section */

/* Begin PBXVariantGroup section */
		3F5E505427FA741D00D63C37 /* Main.storyboard */ = {
			isa = PBXVariantGroup;
			children = (
				3F5E505527FA741D00D63C37 /* Base */,
			);
			name = Main.storyboard;
			sourceTree = "<group>";
		};
		3F5E505927FA741F00D63C37 /* LaunchScreen.storyboard */ = {
			isa = PBXVariantGroup;
			children = (
				3F5E505A27FA741F00D63C37 /* Base */,
			);
			name = LaunchScreen.storyboard;
			sourceTree = "<group>";
		};
/* End PBXVariantGroup section */

/* Begin XCBuildConfiguration section */
		3F5E507327FA741F00D63C37 /* Debug */ = {
			isa = XCBuildConfiguration;
			buildSettings = {
				ALWAYS_SEARCH_USER_PATHS = NO;
				CLANG_ANALYZER_NONNULL = YES;
				CLANG_ANALYZER_NUMBER_OBJECT_CONVERSION = YES_AGGRESSIVE;
				CLANG_CXX_LANGUAGE_STANDARD = "gnu++17";
				CLANG_ENABLE_MODULES = YES;
				CLANG_ENABLE_OBJC_ARC = YES;
				CLANG_ENABLE_OBJC_WEAK = YES;
				CLANG_WARN_BLOCK_CAPTURE_AUTORELEASING = YES;
				CLANG_WARN_BOOL_CONVERSION = YES;
				CLANG_WARN_COMMA = YES;
				CLANG_WARN_CONSTANT_CONVERSION = YES;
				CLANG_WARN_DEPRECATED_OBJC_IMPLEMENTATIONS = YES;
				CLANG_WARN_DIRECT_OBJC_ISA_USAGE = YES_ERROR;
				CLANG_WARN_DOCUMENTATION_COMMENTS = YES;
				CLANG_WARN_EMPTY_BODY = YES;
				CLANG_WARN_ENUM_CONVERSION = YES;
				CLANG_WARN_INFINITE_RECURSION = YES;
				CLANG_WARN_INT_CONVERSION = YES;
				CLANG_WARN_NON_LITERAL_NULL_CONVERSION = YES;
				CLANG_WARN_OBJC_IMPLICIT_RETAIN_SELF = YES;
				CLANG_WARN_OBJC_LITERAL_CONVERSION = YES;
				CLANG_WARN_OBJC_ROOT_CLASS = YES_ERROR;
				CLANG_WARN_QUOTED_INCLUDE_IN_FRAMEWORK_HEADER = YES;
				CLANG_WARN_RANGE_LOOP_ANALYSIS = YES;
				CLANG_WARN_STRICT_PROTOTYPES = YES;
				CLANG_WARN_SUSPICIOUS_MOVE = YES;
				CLANG_WARN_UNGUARDED_AVAILABILITY = YES_AGGRESSIVE;
				CLANG_WARN_UNREACHABLE_CODE = YES;
				CLANG_WARN__DUPLICATE_METHOD_MATCH = YES;
				COPY_PHASE_STRIP = NO;
				DEBUG_INFORMATION_FORMAT = dwarf;
				ENABLE_STRICT_OBJC_MSGSEND = YES;
				ENABLE_TESTABILITY = YES;
				GCC_C_LANGUAGE_STANDARD = gnu11;
				GCC_DYNAMIC_NO_PIC = NO;
				GCC_NO_COMMON_BLOCKS = YES;
				GCC_OPTIMIZATION_LEVEL = 0;
				GCC_PREPROCESSOR_DEFINITIONS = (
					"DEBUG=1",
					"$(inherited)",
				);
				GCC_WARN_64_TO_32_BIT_CONVERSION = YES;
				GCC_WARN_ABOUT_RETURN_TYPE = YES_ERROR;
				GCC_WARN_UNDECLARED_SELECTOR = YES;
				GCC_WARN_UNINITIALIZED_AUTOS = YES_AGGRESSIVE;
				GCC_WARN_UNUSED_FUNCTION = YES;
				GCC_WARN_UNUSED_VARIABLE = YES;
				IPHONEOS_DEPLOYMENT_TARGET = 15.4;
				MTL_ENABLE_DEBUG_INFO = INCLUDE_SOURCE;
				MTL_FAST_MATH = YES;
				ONLY_ACTIVE_ARCH = YES;
				SDKROOT = iphoneos;
				SWIFT_ACTIVE_COMPILATION_CONDITIONS = DEBUG;
				SWIFT_OPTIMIZATION_LEVEL = "-Onone";
			};
			name = Debug;
		};
		3F5E507427FA741F00D63C37 /* Release */ = {
			isa = XCBuildConfiguration;
			buildSettings = {
				ALWAYS_SEARCH_USER_PATHS = NO;
				CLANG_ANALYZER_NONNULL = YES;
				CLANG_ANALYZER_NUMBER_OBJECT_CONVERSION = YES_AGGRESSIVE;
				CLANG_CXX_LANGUAGE_STANDARD = "gnu++17";
				CLANG_ENABLE_MODULES = YES;
				CLANG_ENABLE_OBJC_ARC = YES;
				CLANG_ENABLE_OBJC_WEAK = YES;
				CLANG_WARN_BLOCK_CAPTURE_AUTORELEASING = YES;
				CLANG_WARN_BOOL_CONVERSION = YES;
				CLANG_WARN_COMMA = YES;
				CLANG_WARN_CONSTANT_CONVERSION = YES;
				CLANG_WARN_DEPRECATED_OBJC_IMPLEMENTATIONS = YES;
				CLANG_WARN_DIRECT_OBJC_ISA_USAGE = YES_ERROR;
				CLANG_WARN_DOCUMENTATION_COMMENTS = YES;
				CLANG_WARN_EMPTY_BODY = YES;
				CLANG_WARN_ENUM_CONVERSION = YES;
				CLANG_WARN_INFINITE_RECURSION = YES;
				CLANG_WARN_INT_CONVERSION = YES;
				CLANG_WARN_NON_LITERAL_NULL_CONVERSION = YES;
				CLANG_WARN_OBJC_IMPLICIT_RETAIN_SELF = YES;
				CLANG_WARN_OBJC_LITERAL_CONVERSION = YES;
				CLANG_WARN_OBJC_ROOT_CLASS = YES_ERROR;
				CLANG_WARN_QUOTED_INCLUDE_IN_FRAMEWORK_HEADER = YES;
				CLANG_WARN_RANGE_LOOP_ANALYSIS = YES;
				CLANG_WARN_STRICT_PROTOTYPES = YES;
				CLANG_WARN_SUSPICIOUS_MOVE = YES;
				CLANG_WARN_UNGUARDED_AVAILABILITY = YES_AGGRESSIVE;
				CLANG_WARN_UNREACHABLE_CODE = YES;
				CLANG_WARN__DUPLICATE_METHOD_MATCH = YES;
				COPY_PHASE_STRIP = NO;
				DEBUG_INFORMATION_FORMAT = "dwarf-with-dsym";
				ENABLE_NS_ASSERTIONS = NO;
				ENABLE_STRICT_OBJC_MSGSEND = YES;
				GCC_C_LANGUAGE_STANDARD = gnu11;
				GCC_NO_COMMON_BLOCKS = YES;
				GCC_WARN_64_TO_32_BIT_CONVERSION = YES;
				GCC_WARN_ABOUT_RETURN_TYPE = YES_ERROR;
				GCC_WARN_UNDECLARED_SELECTOR = YES;
				GCC_WARN_UNINITIALIZED_AUTOS = YES_AGGRESSIVE;
				GCC_WARN_UNUSED_FUNCTION = YES;
				GCC_WARN_UNUSED_VARIABLE = YES;
				IPHONEOS_DEPLOYMENT_TARGET = 15.4;
				MTL_ENABLE_DEBUG_INFO = NO;
				MTL_FAST_MATH = YES;
				SDKROOT = iphoneos;
				SWIFT_COMPILATION_MODE = wholemodule;
				SWIFT_OPTIMIZATION_LEVEL = "-O";
				VALIDATE_PRODUCT = YES;
			};
			name = Release;
		};
		3F5E507627FA741F00D63C37 /* Debug */ = {
			isa = XCBuildConfiguration;
			buildSettings = {
				ASSETCATALOG_COMPILER_APPICON_NAME = AppIcon;
				ASSETCATALOG_COMPILER_GLOBAL_ACCENT_COLOR_NAME = AccentColor;
				CODE_SIGN_STYLE = Automatic;
				CURRENT_PROJECT_VERSION = 1;
				GENERATE_INFOPLIST_FILE = YES;
				INFOPLIST_FILE = "Weather iOS App/Info.plist";
				INFOPLIST_KEY_CFBundleDisplayName = "Weather iOS App";
				INFOPLIST_KEY_UIApplicationSupportsIndirectInputEvents = YES;
				INFOPLIST_KEY_UILaunchStoryboardName = LaunchScreen;
				INFOPLIST_KEY_UIMainStoryboardFile = Main;
				INFOPLIST_KEY_UISupportedInterfaceOrientations_iPad = "UIInterfaceOrientationPortrait UIInterfaceOrientationPortraitUpsideDown UIInterfaceOrientationLandscapeLeft UIInterfaceOrientationLandscapeRight";
				INFOPLIST_KEY_UISupportedInterfaceOrientations_iPhone = "UIInterfaceOrientationPortrait UIInterfaceOrientationLandscapeLeft UIInterfaceOrientationLandscapeRight";
				LD_RUNPATH_SEARCH_PATHS = (
					"$(inherited)",
					"@executable_path/Frameworks",
				);
				MARKETING_VERSION = 1.0;
				PRODUCT_BUNDLE_IDENTIFIER = "nwmsu.Weather-iOS-App";
				PRODUCT_NAME = "$(TARGET_NAME)";
				SWIFT_EMIT_LOC_STRINGS = YES;
				SWIFT_VERSION = 5.0;
				TARGETED_DEVICE_FAMILY = "1,2";
			};
			name = Debug;
		};
		3F5E507727FA741F00D63C37 /* Release */ = {
			isa = XCBuildConfiguration;
			buildSettings = {
				ASSETCATALOG_COMPILER_APPICON_NAME = AppIcon;
				ASSETCATALOG_COMPILER_GLOBAL_ACCENT_COLOR_NAME = AccentColor;
				CODE_SIGN_STYLE = Automatic;
				CURRENT_PROJECT_VERSION = 1;
				GENERATE_INFOPLIST_FILE = YES;
				INFOPLIST_FILE = "Weather iOS App/Info.plist";
				INFOPLIST_KEY_CFBundleDisplayName = "Weather iOS App";
				INFOPLIST_KEY_UIApplicationSupportsIndirectInputEvents = YES;
				INFOPLIST_KEY_UILaunchStoryboardName = LaunchScreen;
				INFOPLIST_KEY_UIMainStoryboardFile = Main;
				INFOPLIST_KEY_UISupportedInterfaceOrientations_iPad = "UIInterfaceOrientationPortrait UIInterfaceOrientationPortraitUpsideDown UIInterfaceOrientationLandscapeLeft UIInterfaceOrientationLandscapeRight";
				INFOPLIST_KEY_UISupportedInterfaceOrientations_iPhone = "UIInterfaceOrientationPortrait UIInterfaceOrientationLandscapeLeft UIInterfaceOrientationLandscapeRight";
				LD_RUNPATH_SEARCH_PATHS = (
					"$(inherited)",
					"@executable_path/Frameworks",
				);
				MARKETING_VERSION = 1.0;
				PRODUCT_BUNDLE_IDENTIFIER = "nwmsu.Weather-iOS-App";
				PRODUCT_NAME = "$(TARGET_NAME)";
				SWIFT_EMIT_LOC_STRINGS = YES;
				SWIFT_VERSION = 5.0;
				TARGETED_DEVICE_FAMILY = "1,2";
			};
			name = Release;
		};
		3F5E507927FA741F00D63C37 /* Debug */ = {
			isa = XCBuildConfiguration;
			buildSettings = {
				ALWAYS_EMBED_SWIFT_STANDARD_LIBRARIES = YES;
				BUNDLE_LOADER = "$(TEST_HOST)";
				CODE_SIGN_STYLE = Automatic;
				CURRENT_PROJECT_VERSION = 1;
				GENERATE_INFOPLIST_FILE = YES;
				IPHONEOS_DEPLOYMENT_TARGET = 15.4;
				MARKETING_VERSION = 1.0;
				PRODUCT_BUNDLE_IDENTIFIER = "nwmsu.Weather-iOS-AppTests";
				PRODUCT_NAME = "$(TARGET_NAME)";
				SWIFT_EMIT_LOC_STRINGS = NO;
				SWIFT_VERSION = 5.0;
				TARGETED_DEVICE_FAMILY = "1,2";
				TEST_HOST = "$(BUILT_PRODUCTS_DIR)/Weather iOS App.app/Weather iOS App";
			};
			name = Debug;
		};
		3F5E507A27FA741F00D63C37 /* Release */ = {
			isa = XCBuildConfiguration;
			buildSettings = {
				ALWAYS_EMBED_SWIFT_STANDARD_LIBRARIES = YES;
				BUNDLE_LOADER = "$(TEST_HOST)";
				CODE_SIGN_STYLE = Automatic;
				CURRENT_PROJECT_VERSION = 1;
				GENERATE_INFOPLIST_FILE = YES;
				IPHONEOS_DEPLOYMENT_TARGET = 15.4;
				MARKETING_VERSION = 1.0;
				PRODUCT_BUNDLE_IDENTIFIER = "nwmsu.Weather-iOS-AppTests";
				PRODUCT_NAME = "$(TARGET_NAME)";
				SWIFT_EMIT_LOC_STRINGS = NO;
				SWIFT_VERSION = 5.0;
				TARGETED_DEVICE_FAMILY = "1,2";
				TEST_HOST = "$(BUILT_PRODUCTS_DIR)/Weather iOS App.app/Weather iOS App";
			};
			name = Release;
		};
		3F5E507C27FA741F00D63C37 /* Debug */ = {
			isa = XCBuildConfiguration;
			buildSettings = {
				ALWAYS_EMBED_SWIFT_STANDARD_LIBRARIES = YES;
				CODE_SIGN_STYLE = Automatic;
				CURRENT_PROJECT_VERSION = 1;
				GENERATE_INFOPLIST_FILE = YES;
				MARKETING_VERSION = 1.0;
				PRODUCT_BUNDLE_IDENTIFIER = "nwmsu.Weather-iOS-AppUITests";
				PRODUCT_NAME = "$(TARGET_NAME)";
				SWIFT_EMIT_LOC_STRINGS = NO;
				SWIFT_VERSION = 5.0;
				TARGETED_DEVICE_FAMILY = "1,2";
				TEST_TARGET_NAME = "Weather iOS App";
			};
			name = Debug;
		};
		3F5E507D27FA741F00D63C37 /* Release */ = {
			isa = XCBuildConfiguration;
			buildSettings = {
				ALWAYS_EMBED_SWIFT_STANDARD_LIBRARIES = YES;
				CODE_SIGN_STYLE = Automatic;
				CURRENT_PROJECT_VERSION = 1;
				GENERATE_INFOPLIST_FILE = YES;
				MARKETING_VERSION = 1.0;
				PRODUCT_BUNDLE_IDENTIFIER = "nwmsu.Weather-iOS-AppUITests";
				PRODUCT_NAME = "$(TARGET_NAME)";
				SWIFT_EMIT_LOC_STRINGS = NO;
				SWIFT_VERSION = 5.0;
				TARGETED_DEVICE_FAMILY = "1,2";
				TEST_TARGET_NAME = "Weather iOS App";
			};
			name = Release;
		};
/* End XCBuildConfiguration section */

/* Begin XCConfigurationList section */
		3F5E504627FA741D00D63C37 /* Build configuration list for PBXProject "Weather iOS App" */ = {
			isa = XCConfigurationList;
			buildConfigurations = (
				3F5E507327FA741F00D63C37 /* Debug */,
				3F5E507427FA741F00D63C37 /* Release */,
			);
			defaultConfigurationIsVisible = 0;
			defaultConfigurationName = Release;
		};
		3F5E507527FA741F00D63C37 /* Build configuration list for PBXNativeTarget "Weather iOS App" */ = {
			isa = XCConfigurationList;
			buildConfigurations = (
				3F5E507627FA741F00D63C37 /* Debug */,
				3F5E507727FA741F00D63C37 /* Release */,
			);
			defaultConfigurationIsVisible = 0;
			defaultConfigurationName = Release;
		};
		3F5E507827FA741F00D63C37 /* Build configuration list for PBXNativeTarget "Weather iOS AppTests" */ = {
			isa = XCConfigurationList;
			buildConfigurations = (
				3F5E507927FA741F00D63C37 /* Debug */,
				3F5E507A27FA741F00D63C37 /* Release */,
			);
			defaultConfigurationIsVisible = 0;
			defaultConfigurationName = Release;
		};
		3F5E507B27FA741F00D63C37 /* Build configuration list for PBXNativeTarget "Weather iOS AppUITests" */ = {
			isa = XCConfigurationList;
			buildConfigurations = (
				3F5E507C27FA741F00D63C37 /* Debug */,
				3F5E507D27FA741F00D63C37 /* Release */,
			);
			defaultConfigurationIsVisible = 0;
			defaultConfigurationName = Release;
		};
/* End XCConfigurationList section */
	};
	rootObject = 3F5E504327FA741D00D63C37 /* Project object */;
}
