// !$*UTF8*$!
{
	archiveVersion = 1;
	classes = {
	};
	objectVersion = 55;
	objects = {

/* Begin PBXBuildFile section */
		350E5B5A280F0606008BB01A /* AppDelegate.swift in Sources */ = {isa = PBXBuildFile; fileRef = 350E5B59280F0606008BB01A /* AppDelegate.swift */; };
		350E5B5C280F0606008BB01A /* SceneDelegate.swift in Sources */ = {isa = PBXBuildFile; fileRef = 350E5B5B280F0606008BB01A /* SceneDelegate.swift */; };
		350E5B5E280F0606008BB01A /* ViewController.swift in Sources */ = {isa = PBXBuildFile; fileRef = 350E5B5D280F0606008BB01A /* ViewController.swift */; };
		350E5B61280F0606008BB01A /* Main.storyboard in Resources */ = {isa = PBXBuildFile; fileRef = 350E5B5F280F0606008BB01A /* Main.storyboard */; };
		350E5B63280F0607008BB01A /* Assets.xcassets in Resources */ = {isa = PBXBuildFile; fileRef = 350E5B62280F0607008BB01A /* Assets.xcassets */; };
		350E5B66280F0607008BB01A /* LaunchScreen.storyboard in Resources */ = {isa = PBXBuildFile; fileRef = 350E5B64280F0607008BB01A /* LaunchScreen.storyboard */; };
		350E5B71280F0607008BB01A /* ContactList1Tests.swift in Sources */ = {isa = PBXBuildFile; fileRef = 350E5B70280F0607008BB01A /* ContactList1Tests.swift */; };
		350E5B7B280F0607008BB01A /* ContactList1UITests.swift in Sources */ = {isa = PBXBuildFile; fileRef = 350E5B7A280F0607008BB01A /* ContactList1UITests.swift */; };
		350E5B7D280F0607008BB01A /* ContactList1UITestsLaunchTests.swift in Sources */ = {isa = PBXBuildFile; fileRef = 350E5B7C280F0607008BB01A /* ContactList1UITestsLaunchTests.swift */; };
		350E5B8A280F0633008BB01A /* GoogleService-Info.plist in Resources */ = {isa = PBXBuildFile; fileRef = 350E5B89280F0633008BB01A /* GoogleService-Info.plist */; };
		350E5B8D280F0710008BB01A /* FirebaseAnalytics in Frameworks */ = {isa = PBXBuildFile; productRef = 350E5B8C280F0710008BB01A /* FirebaseAnalytics */; };
		350E5B8F280F0710008BB01A /* FirebaseAppCheck in Frameworks */ = {isa = PBXBuildFile; productRef = 350E5B8E280F0710008BB01A /* FirebaseAppCheck */; };
		350E5B91280F0710008BB01A /* FirebaseDatabase in Frameworks */ = {isa = PBXBuildFile; productRef = 350E5B90280F0710008BB01A /* FirebaseDatabase */; };
		350E5B93280F0710008BB01A /* FirebaseDatabaseSwift-Beta in Frameworks */ = {isa = PBXBuildFile; productRef = 350E5B92280F0710008BB01A /* FirebaseDatabaseSwift-Beta */; };
/* End PBXBuildFile section */

/* Begin PBXContainerItemProxy section */
		350E5B6D280F0607008BB01A /* PBXContainerItemProxy */ = {
			isa = PBXContainerItemProxy;
			containerPortal = 350E5B4E280F0606008BB01A /* Project object */;
			proxyType = 1;
			remoteGlobalIDString = 350E5B55280F0606008BB01A;
			remoteInfo = ContactList1;
		};
		350E5B77280F0607008BB01A /* PBXContainerItemProxy */ = {
			isa = PBXContainerItemProxy;
			containerPortal = 350E5B4E280F0606008BB01A /* Project object */;
			proxyType = 1;
			remoteGlobalIDString = 350E5B55280F0606008BB01A;
			remoteInfo = ContactList1;
		};
/* End PBXContainerItemProxy section */

/* Begin PBXFileReference section */
		350E5B56280F0606008BB01A /* ContactList1.app */ = {isa = PBXFileReference; explicitFileType = wrapper.application; includeInIndex = 0; path = ContactList1.app; sourceTree = BUILT_PRODUCTS_DIR; };
		350E5B59280F0606008BB01A /* AppDelegate.swift */ = {isa = PBXFileReference; lastKnownFileType = sourcecode.swift; path = AppDelegate.swift; sourceTree = "<group>"; };
		350E5B5B280F0606008BB01A /* SceneDelegate.swift */ = {isa = PBXFileReference; lastKnownFileType = sourcecode.swift; path = SceneDelegate.swift; sourceTree = "<group>"; };
		350E5B5D280F0606008BB01A /* ViewController.swift */ = {isa = PBXFileReference; lastKnownFileType = sourcecode.swift; path = ViewController.swift; sourceTree = "<group>"; };
		350E5B60280F0606008BB01A /* Base */ = {isa = PBXFileReference; lastKnownFileType = file.storyboard; name = Base; path = Base.lproj/Main.storyboard; sourceTree = "<group>"; };
		350E5B62280F0607008BB01A /* Assets.xcassets */ = {isa = PBXFileReference; lastKnownFileType = folder.assetcatalog; path = Assets.xcassets; sourceTree = "<group>"; };
		350E5B65280F0607008BB01A /* Base */ = {isa = PBXFileReference; lastKnownFileType = file.storyboard; name = Base; path = Base.lproj/LaunchScreen.storyboard; sourceTree = "<group>"; };
		350E5B67280F0607008BB01A /* Info.plist */ = {isa = PBXFileReference; lastKnownFileType = text.plist.xml; path = Info.plist; sourceTree = "<group>"; };
		350E5B6C280F0607008BB01A /* ContactList1Tests.xctest */ = {isa = PBXFileReference; explicitFileType = wrapper.cfbundle; includeInIndex = 0; path = ContactList1Tests.xctest; sourceTree = BUILT_PRODUCTS_DIR; };
		350E5B70280F0607008BB01A /* ContactList1Tests.swift */ = {isa = PBXFileReference; lastKnownFileType = sourcecode.swift; path = ContactList1Tests.swift; sourceTree = "<group>"; };
		350E5B76280F0607008BB01A /* ContactList1UITests.xctest */ = {isa = PBXFileReference; explicitFileType = wrapper.cfbundle; includeInIndex = 0; path = ContactList1UITests.xctest; sourceTree = BUILT_PRODUCTS_DIR; };
		350E5B7A280F0607008BB01A /* ContactList1UITests.swift */ = {isa = PBXFileReference; lastKnownFileType = sourcecode.swift; path = ContactList1UITests.swift; sourceTree = "<group>"; };
		350E5B7C280F0607008BB01A /* ContactList1UITestsLaunchTests.swift */ = {isa = PBXFileReference; lastKnownFileType = sourcecode.swift; path = ContactList1UITestsLaunchTests.swift; sourceTree = "<group>"; };
		350E5B89280F0633008BB01A /* GoogleService-Info.plist */ = {isa = PBXFileReference; fileEncoding = 4; lastKnownFileType = text.plist.xml; name = "GoogleService-Info.plist"; path = "../../../../../Downloads/GoogleService-Info.plist"; sourceTree = "<group>"; };
/* End PBXFileReference section */

/* Begin PBXFrameworksBuildPhase section */
		350E5B53280F0606008BB01A /* Frameworks */ = {
			isa = PBXFrameworksBuildPhase;
			buildActionMask = 2147483647;
			files = (
				350E5B91280F0710008BB01A /* FirebaseDatabase in Frameworks */,
				350E5B8F280F0710008BB01A /* FirebaseAppCheck in Frameworks */,
				350E5B93280F0710008BB01A /* FirebaseDatabaseSwift-Beta in Frameworks */,
				350E5B8D280F0710008BB01A /* FirebaseAnalytics in Frameworks */,
			);
			runOnlyForDeploymentPostprocessing = 0;
		};
		350E5B69280F0607008BB01A /* Frameworks */ = {
			isa = PBXFrameworksBuildPhase;
			buildActionMask = 2147483647;
			files = (
			);
			runOnlyForDeploymentPostprocessing = 0;
		};
		350E5B73280F0607008BB01A /* Frameworks */ = {
			isa = PBXFrameworksBuildPhase;
			buildActionMask = 2147483647;
			files = (
			);
			runOnlyForDeploymentPostprocessing = 0;
		};
/* End PBXFrameworksBuildPhase section */

/* Begin PBXGroup section */
		350E5B4D280F0606008BB01A = {
			isa = PBXGroup;
			children = (
				350E5B58280F0606008BB01A /* ContactList1 */,
				350E5B6F280F0607008BB01A /* ContactList1Tests */,
				350E5B79280F0607008BB01A /* ContactList1UITests */,
				350E5B57280F0606008BB01A /* Products */,
			);
			sourceTree = "<group>";
		};
		350E5B57280F0606008BB01A /* Products */ = {
			isa = PBXGroup;
			children = (
				350E5B56280F0606008BB01A /* ContactList1.app */,
				350E5B6C280F0607008BB01A /* ContactList1Tests.xctest */,
				350E5B76280F0607008BB01A /* ContactList1UITests.xctest */,
			);
			name = Products;
			sourceTree = "<group>";
		};
		350E5B58280F0606008BB01A /* ContactList1 */ = {
			isa = PBXGroup;
			children = (
				350E5B59280F0606008BB01A /* AppDelegate.swift */,
				350E5B5B280F0606008BB01A /* SceneDelegate.swift */,
				350E5B5D280F0606008BB01A /* ViewController.swift */,
				350E5B89280F0633008BB01A /* GoogleService-Info.plist */,
				350E5B5F280F0606008BB01A /* Main.storyboard */,
				350E5B62280F0607008BB01A /* Assets.xcassets */,
				350E5B64280F0607008BB01A /* LaunchScreen.storyboard */,
				350E5B67280F0607008BB01A /* Info.plist */,
			);
			path = ContactList1;
			sourceTree = "<group>";
		};
		350E5B6F280F0607008BB01A /* ContactList1Tests */ = {
			isa = PBXGroup;
			children = (
				350E5B70280F0607008BB01A /* ContactList1Tests.swift */,
			);
			path = ContactList1Tests;
			sourceTree = "<group>";
		};
		350E5B79280F0607008BB01A /* ContactList1UITests */ = {
			isa = PBXGroup;
			children = (
				350E5B7A280F0607008BB01A /* ContactList1UITests.swift */,
				350E5B7C280F0607008BB01A /* ContactList1UITestsLaunchTests.swift */,
			);
			path = ContactList1UITests;
			sourceTree = "<group>";
		};
/* End PBXGroup section */

/* Begin PBXNativeTarget section */
		350E5B55280F0606008BB01A /* ContactList1 */ = {
			isa = PBXNativeTarget;
			buildConfigurationList = 350E5B80280F0607008BB01A /* Build configuration list for PBXNativeTarget "ContactList1" */;
			buildPhases = (
				350E5B52280F0606008BB01A /* Sources */,
				350E5B53280F0606008BB01A /* Frameworks */,
				350E5B54280F0606008BB01A /* Resources */,
			);
			buildRules = (
			);
			dependencies = (
			);
			name = ContactList1;
			packageProductDependencies = (
				350E5B8C280F0710008BB01A /* FirebaseAnalytics */,
				350E5B8E280F0710008BB01A /* FirebaseAppCheck */,
				350E5B90280F0710008BB01A /* FirebaseDatabase */,
				350E5B92280F0710008BB01A /* FirebaseDatabaseSwift-Beta */,
			);
			productName = ContactList1;
			productReference = 350E5B56280F0606008BB01A /* ContactList1.app */;
			productType = "com.apple.product-type.application";
		};
		350E5B6B280F0607008BB01A /* ContactList1Tests */ = {
			isa = PBXNativeTarget;
			buildConfigurationList = 350E5B83280F0607008BB01A /* Build configuration list for PBXNativeTarget "ContactList1Tests" */;
			buildPhases = (
				350E5B68280F0607008BB01A /* Sources */,
				350E5B69280F0607008BB01A /* Frameworks */,
				350E5B6A280F0607008BB01A /* Resources */,
			);
			buildRules = (
			);
			dependencies = (
				350E5B6E280F0607008BB01A /* PBXTargetDependency */,
			);
			name = ContactList1Tests;
			productName = ContactList1Tests;
			productReference = 350E5B6C280F0607008BB01A /* ContactList1Tests.xctest */;
			productType = "com.apple.product-type.bundle.unit-test";
		};
		350E5B75280F0607008BB01A /* ContactList1UITests */ = {
			isa = PBXNativeTarget;
			buildConfigurationList = 350E5B86280F0607008BB01A /* Build configuration list for PBXNativeTarget "ContactList1UITests" */;
			buildPhases = (
				350E5B72280F0607008BB01A /* Sources */,
				350E5B73280F0607008BB01A /* Frameworks */,
				350E5B74280F0607008BB01A /* Resources */,
			);
			buildRules = (
			);
			dependencies = (
				350E5B78280F0607008BB01A /* PBXTargetDependency */,
			);
			name = ContactList1UITests;
			productName = ContactList1UITests;
			productReference = 350E5B76280F0607008BB01A /* ContactList1UITests.xctest */;
			productType = "com.apple.product-type.bundle.ui-testing";
		};
/* End PBXNativeTarget section */

/* Begin PBXProject section */
		350E5B4E280F0606008BB01A /* Project object */ = {
			isa = PBXProject;
			attributes = {
				BuildIndependentTargetsInParallel = 1;
				LastSwiftUpdateCheck = 1320;
				LastUpgradeCheck = 1320;
				TargetAttributes = {
					350E5B55280F0606008BB01A = {
						CreatedOnToolsVersion = 13.2.1;
					};
					350E5B6B280F0607008BB01A = {
						CreatedOnToolsVersion = 13.2.1;
						TestTargetID = 350E5B55280F0606008BB01A;
					};
					350E5B75280F0607008BB01A = {
						CreatedOnToolsVersion = 13.2.1;
						TestTargetID = 350E5B55280F0606008BB01A;
					};
				};
			};
			buildConfigurationList = 350E5B51280F0606008BB01A /* Build configuration list for PBXProject "ContactList1" */;
			compatibilityVersion = "Xcode 13.0";
			developmentRegion = en;
			hasScannedForEncodings = 0;
			knownRegions = (
				en,
				Base,
			);
			mainGroup = 350E5B4D280F0606008BB01A;
			packageReferences = (
				350E5B8B280F0710008BB01A /* XCRemoteSwiftPackageReference "firebase-ios-sdk" */,
			);
			productRefGroup = 350E5B57280F0606008BB01A /* Products */;
			projectDirPath = "";
			projectRoot = "";
			targets = (
				350E5B55280F0606008BB01A /* ContactList1 */,
				350E5B6B280F0607008BB01A /* ContactList1Tests */,
				350E5B75280F0607008BB01A /* ContactList1UITests */,
			);
		};
/* End PBXProject section */

/* Begin PBXResourcesBuildPhase section */
		350E5B54280F0606008BB01A /* Resources */ = {
			isa = PBXResourcesBuildPhase;
			buildActionMask = 2147483647;
			files = (
				350E5B66280F0607008BB01A /* LaunchScreen.storyboard in Resources */,
				350E5B8A280F0633008BB01A /* GoogleService-Info.plist in Resources */,
				350E5B63280F0607008BB01A /* Assets.xcassets in Resources */,
				350E5B61280F0606008BB01A /* Main.storyboard in Resources */,
			);
			runOnlyForDeploymentPostprocessing = 0;
		};
		350E5B6A280F0607008BB01A /* Resources */ = {
			isa = PBXResourcesBuildPhase;
			buildActionMask = 2147483647;
			files = (
			);
			runOnlyForDeploymentPostprocessing = 0;
		};
		350E5B74280F0607008BB01A /* Resources */ = {
			isa = PBXResourcesBuildPhase;
			buildActionMask = 2147483647;
			files = (
			);
			runOnlyForDeploymentPostprocessing = 0;
		};
/* End PBXResourcesBuildPhase section */

/* Begin PBXSourcesBuildPhase section */
		350E5B52280F0606008BB01A /* Sources */ = {
			isa = PBXSourcesBuildPhase;
			buildActionMask = 2147483647;
			files = (
				350E5B5E280F0606008BB01A /* ViewController.swift in Sources */,
				350E5B5A280F0606008BB01A /* AppDelegate.swift in Sources */,
				350E5B5C280F0606008BB01A /* SceneDelegate.swift in Sources */,
			);
			runOnlyForDeploymentPostprocessing = 0;
		};
		350E5B68280F0607008BB01A /* Sources */ = {
			isa = PBXSourcesBuildPhase;
			buildActionMask = 2147483647;
			files = (
				350E5B71280F0607008BB01A /* ContactList1Tests.swift in Sources */,
			);
			runOnlyForDeploymentPostprocessing = 0;
		};
		350E5B72280F0607008BB01A /* Sources */ = {
			isa = PBXSourcesBuildPhase;
			buildActionMask = 2147483647;
			files = (
				350E5B7B280F0607008BB01A /* ContactList1UITests.swift in Sources */,
				350E5B7D280F0607008BB01A /* ContactList1UITestsLaunchTests.swift in Sources */,
			);
			runOnlyForDeploymentPostprocessing = 0;
		};
/* End PBXSourcesBuildPhase section */

/* Begin PBXTargetDependency section */
		350E5B6E280F0607008BB01A /* PBXTargetDependency */ = {
			isa = PBXTargetDependency;
			target = 350E5B55280F0606008BB01A /* ContactList1 */;
			targetProxy = 350E5B6D280F0607008BB01A /* PBXContainerItemProxy */;
		};
		350E5B78280F0607008BB01A /* PBXTargetDependency */ = {
			isa = PBXTargetDependency;
			target = 350E5B55280F0606008BB01A /* ContactList1 */;
			targetProxy = 350E5B77280F0607008BB01A /* PBXContainerItemProxy */;
		};
/* End PBXTargetDependency section */

/* Begin PBXVariantGroup section */
		350E5B5F280F0606008BB01A /* Main.storyboard */ = {
			isa = PBXVariantGroup;
			children = (
				350E5B60280F0606008BB01A /* Base */,
			);
			name = Main.storyboard;
			sourceTree = "<group>";
		};
		350E5B64280F0607008BB01A /* LaunchScreen.storyboard */ = {
			isa = PBXVariantGroup;
			children = (
				350E5B65280F0607008BB01A /* Base */,
			);
			name = LaunchScreen.storyboard;
			sourceTree = "<group>";
		};
/* End PBXVariantGroup section */

/* Begin XCBuildConfiguration section */
		350E5B7E280F0607008BB01A /* Debug */ = {
			isa = XCBuildConfiguration;
			buildSettings = {
				ALWAYS_SEARCH_USER_PATHS = NO;
				CLANG_ANALYZER_NONNULL = YES;
				CLANG_ANALYZER_NUMBER_OBJECT_CONVERSION = YES_AGGRESSIVE;
				CLANG_CXX_LANGUAGE_STANDARD = "gnu++17";
				CLANG_CXX_LIBRARY = "libc++";
				CLANG_ENABLE_MODULES = YES;
				CLANG_ENABLE_OBJC_ARC = YES;
				CLANG_ENABLE_OBJC_WEAK = YES;
				CLANG_WARN_BLOCK_CAPTURE_AUTORELEASING = YES;
				CLANG_WARN_BOOL_CONVERSION = YES;
				CLANG_WARN_COMMA = YES;
				CLANG_WARN_CONSTANT_CONVERSION = YES;
				CLANG_WARN_DEPRECATED_OBJC_IMPLEMENTATIONS = YES;
				CLANG_WARN_DIRECT_OBJC_ISA_USAGE = YES_ERROR;
				CLANG_WARN_DOCUMENTATION_COMMENTS = YES;
				CLANG_WARN_EMPTY_BODY = YES;
				CLANG_WARN_ENUM_CONVERSION = YES;
				CLANG_WARN_INFINITE_RECURSION = YES;
				CLANG_WARN_INT_CONVERSION = YES;
				CLANG_WARN_NON_LITERAL_NULL_CONVERSION = YES;
				CLANG_WARN_OBJC_IMPLICIT_RETAIN_SELF = YES;
				CLANG_WARN_OBJC_LITERAL_CONVERSION = YES;
				CLANG_WARN_OBJC_ROOT_CLASS = YES_ERROR;
				CLANG_WARN_QUOTED_INCLUDE_IN_FRAMEWORK_HEADER = YES;
				CLANG_WARN_RANGE_LOOP_ANALYSIS = YES;
				CLANG_WARN_STRICT_PROTOTYPES = YES;
				CLANG_WARN_SUSPICIOUS_MOVE = YES;
				CLANG_WARN_UNGUARDED_AVAILABILITY = YES_AGGRESSIVE;
				CLANG_WARN_UNREACHABLE_CODE = YES;
				CLANG_WARN__DUPLICATE_METHOD_MATCH = YES;
				COPY_PHASE_STRIP = NO;
				DEBUG_INFORMATION_FORMAT = dwarf;
				ENABLE_STRICT_OBJC_MSGSEND = YES;
				ENABLE_TESTABILITY = YES;
				GCC_C_LANGUAGE_STANDARD = gnu11;
				GCC_DYNAMIC_NO_PIC = NO;
				GCC_NO_COMMON_BLOCKS = YES;
				GCC_OPTIMIZATION_LEVEL = 0;
				GCC_PREPROCESSOR_DEFINITIONS = (
					"DEBUG=1",
					"$(inherited)",
				);
				GCC_WARN_64_TO_32_BIT_CONVERSION = YES;
				GCC_WARN_ABOUT_RETURN_TYPE = YES_ERROR;
				GCC_WARN_UNDECLARED_SELECTOR = YES;
				GCC_WARN_UNINITIALIZED_AUTOS = YES_AGGRESSIVE;
				GCC_WARN_UNUSED_FUNCTION = YES;
				GCC_WARN_UNUSED_VARIABLE = YES;
				IPHONEOS_DEPLOYMENT_TARGET = 15.2;
				MTL_ENABLE_DEBUG_INFO = INCLUDE_SOURCE;
				MTL_FAST_MATH = YES;
				ONLY_ACTIVE_ARCH = YES;
				SDKROOT = iphoneos;
				SWIFT_ACTIVE_COMPILATION_CONDITIONS = DEBUG;
				SWIFT_OPTIMIZATION_LEVEL = "-Onone";
			};
			name = Debug;
		};
		350E5B7F280F0607008BB01A /* Release */ = {
			isa = XCBuildConfiguration;
			buildSettings = {
				ALWAYS_SEARCH_USER_PATHS = NO;
				CLANG_ANALYZER_NONNULL = YES;
				CLANG_ANALYZER_NUMBER_OBJECT_CONVERSION = YES_AGGRESSIVE;
				CLANG_CXX_LANGUAGE_STANDARD = "gnu++17";
				CLANG_CXX_LIBRARY = "libc++";
				CLANG_ENABLE_MODULES = YES;
				CLANG_ENABLE_OBJC_ARC = YES;
				CLANG_ENABLE_OBJC_WEAK = YES;
				CLANG_WARN_BLOCK_CAPTURE_AUTORELEASING = YES;
				CLANG_WARN_BOOL_CONVERSION = YES;
				CLANG_WARN_COMMA = YES;
				CLANG_WARN_CONSTANT_CONVERSION = YES;
				CLANG_WARN_DEPRECATED_OBJC_IMPLEMENTATIONS = YES;
				CLANG_WARN_DIRECT_OBJC_ISA_USAGE = YES_ERROR;
				CLANG_WARN_DOCUMENTATION_COMMENTS = YES;
				CLANG_WARN_EMPTY_BODY = YES;
				CLANG_WARN_ENUM_CONVERSION = YES;
				CLANG_WARN_INFINITE_RECURSION = YES;
				CLANG_WARN_INT_CONVERSION = YES;
				CLANG_WARN_NON_LITERAL_NULL_CONVERSION = YES;
				CLANG_WARN_OBJC_IMPLICIT_RETAIN_SELF = YES;
				CLANG_WARN_OBJC_LITERAL_CONVERSION = YES;
				CLANG_WARN_OBJC_ROOT_CLASS = YES_ERROR;
				CLANG_WARN_QUOTED_INCLUDE_IN_FRAMEWORK_HEADER = YES;
				CLANG_WARN_RANGE_LOOP_ANALYSIS = YES;
				CLANG_WARN_STRICT_PROTOTYPES = YES;
				CLANG_WARN_SUSPICIOUS_MOVE = YES;
				CLANG_WARN_UNGUARDED_AVAILABILITY = YES_AGGRESSIVE;
				CLANG_WARN_UNREACHABLE_CODE = YES;
				CLANG_WARN__DUPLICATE_METHOD_MATCH = YES;
				COPY_PHASE_STRIP = NO;
				DEBUG_INFORMATION_FORMAT = "dwarf-with-dsym";
				ENABLE_NS_ASSERTIONS = NO;
				ENABLE_STRICT_OBJC_MSGSEND = YES;
				GCC_C_LANGUAGE_STANDARD = gnu11;
				GCC_NO_COMMON_BLOCKS = YES;
				GCC_WARN_64_TO_32_BIT_CONVERSION = YES;
				GCC_WARN_ABOUT_RETURN_TYPE = YES_ERROR;
				GCC_WARN_UNDECLARED_SELECTOR = YES;
				GCC_WARN_UNINITIALIZED_AUTOS = YES_AGGRESSIVE;
				GCC_WARN_UNUSED_FUNCTION = YES;
				GCC_WARN_UNUSED_VARIABLE = YES;
				IPHONEOS_DEPLOYMENT_TARGET = 15.2;
				MTL_ENABLE_DEBUG_INFO = NO;
				MTL_FAST_MATH = YES;
				SDKROOT = iphoneos;
				SWIFT_COMPILATION_MODE = wholemodule;
				SWIFT_OPTIMIZATION_LEVEL = "-O";
				VALIDATE_PRODUCT = YES;
			};
			name = Release;
		};
		350E5B81280F0607008BB01A /* Debug */ = {
			isa = XCBuildConfiguration;
			buildSettings = {
				ASSETCATALOG_COMPILER_APPICON_NAME = AppIcon;
				ASSETCATALOG_COMPILER_GLOBAL_ACCENT_COLOR_NAME = AccentColor;
				CODE_SIGN_STYLE = Automatic;
				CURRENT_PROJECT_VERSION = 1;
				GENERATE_INFOPLIST_FILE = YES;
				INFOPLIST_FILE = ContactList1/Info.plist;
				INFOPLIST_KEY_CFBundleDisplayName = ContactList1;
				INFOPLIST_KEY_UIApplicationSupportsIndirectInputEvents = YES;
				INFOPLIST_KEY_UILaunchStoryboardName = LaunchScreen;
				INFOPLIST_KEY_UIMainStoryboardFile = Main;
				INFOPLIST_KEY_UISupportedInterfaceOrientations_iPad = "UIInterfaceOrientationPortrait UIInterfaceOrientationPortraitUpsideDown UIInterfaceOrientationLandscapeLeft UIInterfaceOrientationLandscapeRight";
				INFOPLIST_KEY_UISupportedInterfaceOrientations_iPhone = "UIInterfaceOrientationPortrait UIInterfaceOrientationLandscapeLeft UIInterfaceOrientationLandscapeRight";
				LD_RUNPATH_SEARCH_PATHS = (
					"$(inherited)",
					"@executable_path/Frameworks",
				);
				MARKETING_VERSION = 1.0;
				PRODUCT_BUNDLE_IDENTIFIER = nwmsu.ContactList1;
				PRODUCT_NAME = "$(TARGET_NAME)";
				SWIFT_EMIT_LOC_STRINGS = YES;
				SWIFT_VERSION = 5.0;
				TARGETED_DEVICE_FAMILY = "1,2";
			};
			name = Debug;
		};
		350E5B82280F0607008BB01A /* Release */ = {
			isa = XCBuildConfiguration;
			buildSettings = {
				ASSETCATALOG_COMPILER_APPICON_NAME = AppIcon;
				ASSETCATALOG_COMPILER_GLOBAL_ACCENT_COLOR_NAME = AccentColor;
				CODE_SIGN_STYLE = Automatic;
				CURRENT_PROJECT_VERSION = 1;
				GENERATE_INFOPLIST_FILE = YES;
				INFOPLIST_FILE = ContactList1/Info.plist;
				INFOPLIST_KEY_CFBundleDisplayName = ContactList1;
				INFOPLIST_KEY_UIApplicationSupportsIndirectInputEvents = YES;
				INFOPLIST_KEY_UILaunchStoryboardName = LaunchScreen;
				INFOPLIST_KEY_UIMainStoryboardFile = Main;
				INFOPLIST_KEY_UISupportedInterfaceOrientations_iPad = "UIInterfaceOrientationPortrait UIInterfaceOrientationPortraitUpsideDown UIInterfaceOrientationLandscapeLeft UIInterfaceOrientationLandscapeRight";
				INFOPLIST_KEY_UISupportedInterfaceOrientations_iPhone = "UIInterfaceOrientationPortrait UIInterfaceOrientationLandscapeLeft UIInterfaceOrientationLandscapeRight";
				LD_RUNPATH_SEARCH_PATHS = (
					"$(inherited)",
					"@executable_path/Frameworks",
				);
				MARKETING_VERSION = 1.0;
				PRODUCT_BUNDLE_IDENTIFIER = nwmsu.ContactList1;
				PRODUCT_NAME = "$(TARGET_NAME)";
				SWIFT_EMIT_LOC_STRINGS = YES;
				SWIFT_VERSION = 5.0;
				TARGETED_DEVICE_FAMILY = "1,2";
			};
			name = Release;
		};
		350E5B84280F0607008BB01A /* Debug */ = {
			isa = XCBuildConfiguration;
			buildSettings = {
				ALWAYS_EMBED_SWIFT_STANDARD_LIBRARIES = YES;
				BUNDLE_LOADER = "$(TEST_HOST)";
				CODE_SIGN_STYLE = Automatic;
				CURRENT_PROJECT_VERSION = 1;
				GENERATE_INFOPLIST_FILE = YES;
				IPHONEOS_DEPLOYMENT_TARGET = 15.2;
				MARKETING_VERSION = 1.0;
				PRODUCT_BUNDLE_IDENTIFIER = nwmsu.ContactList1Tests;
				PRODUCT_NAME = "$(TARGET_NAME)";
				SWIFT_EMIT_LOC_STRINGS = NO;
				SWIFT_VERSION = 5.0;
				TARGETED_DEVICE_FAMILY = "1,2";
				TEST_HOST = "$(BUILT_PRODUCTS_DIR)/ContactList1.app/ContactList1";
			};
			name = Debug;
		};
		350E5B85280F0607008BB01A /* Release */ = {
			isa = XCBuildConfiguration;
			buildSettings = {
				ALWAYS_EMBED_SWIFT_STANDARD_LIBRARIES = YES;
				BUNDLE_LOADER = "$(TEST_HOST)";
				CODE_SIGN_STYLE = Automatic;
				CURRENT_PROJECT_VERSION = 1;
				GENERATE_INFOPLIST_FILE = YES;
				IPHONEOS_DEPLOYMENT_TARGET = 15.2;
				MARKETING_VERSION = 1.0;
				PRODUCT_BUNDLE_IDENTIFIER = nwmsu.ContactList1Tests;
				PRODUCT_NAME = "$(TARGET_NAME)";
				SWIFT_EMIT_LOC_STRINGS = NO;
				SWIFT_VERSION = 5.0;
				TARGETED_DEVICE_FAMILY = "1,2";
				TEST_HOST = "$(BUILT_PRODUCTS_DIR)/ContactList1.app/ContactList1";
			};
			name = Release;
		};
		350E5B87280F0607008BB01A /* Debug */ = {
			isa = XCBuildConfiguration;
			buildSettings = {
				ALWAYS_EMBED_SWIFT_STANDARD_LIBRARIES = YES;
				CODE_SIGN_STYLE = Automatic;
				CURRENT_PROJECT_VERSION = 1;
				GENERATE_INFOPLIST_FILE = YES;
				MARKETING_VERSION = 1.0;
				PRODUCT_BUNDLE_IDENTIFIER = nwmsu.ContactList1UITests;
				PRODUCT_NAME = "$(TARGET_NAME)";
				SWIFT_EMIT_LOC_STRINGS = NO;
				SWIFT_VERSION = 5.0;
				TARGETED_DEVICE_FAMILY = "1,2";
				TEST_TARGET_NAME = ContactList1;
			};
			name = Debug;
		};
		350E5B88280F0607008BB01A /* Release */ = {
			isa = XCBuildConfiguration;
			buildSettings = {
				ALWAYS_EMBED_SWIFT_STANDARD_LIBRARIES = YES;
				CODE_SIGN_STYLE = Automatic;
				CURRENT_PROJECT_VERSION = 1;
				GENERATE_INFOPLIST_FILE = YES;
				MARKETING_VERSION = 1.0;
				PRODUCT_BUNDLE_IDENTIFIER = nwmsu.ContactList1UITests;
				PRODUCT_NAME = "$(TARGET_NAME)";
				SWIFT_EMIT_LOC_STRINGS = NO;
				SWIFT_VERSION = 5.0;
				TARGETED_DEVICE_FAMILY = "1,2";
				TEST_TARGET_NAME = ContactList1;
			};
			name = Release;
		};
/* End XCBuildConfiguration section */

/* Begin XCConfigurationList section */
		350E5B51280F0606008BB01A /* Build configuration list for PBXProject "ContactList1" */ = {
			isa = XCConfigurationList;
			buildConfigurations = (
				350E5B7E280F0607008BB01A /* Debug */,
				350E5B7F280F0607008BB01A /* Release */,
			);
			defaultConfigurationIsVisible = 0;
			defaultConfigurationName = Release;
		};
		350E5B80280F0607008BB01A /* Build configuration list for PBXNativeTarget "ContactList1" */ = {
			isa = XCConfigurationList;
			buildConfigurations = (
				350E5B81280F0607008BB01A /* Debug */,
				350E5B82280F0607008BB01A /* Release */,
			);
			defaultConfigurationIsVisible = 0;
			defaultConfigurationName = Release;
		};
		350E5B83280F0607008BB01A /* Build configuration list for PBXNativeTarget "ContactList1Tests" */ = {
			isa = XCConfigurationList;
			buildConfigurations = (
				350E5B84280F0607008BB01A /* Debug */,
				350E5B85280F0607008BB01A /* Release */,
			);
			defaultConfigurationIsVisible = 0;
			defaultConfigurationName = Release;
		};
		350E5B86280F0607008BB01A /* Build configuration list for PBXNativeTarget "ContactList1UITests" */ = {
			isa = XCConfigurationList;
			buildConfigurations = (
				350E5B87280F0607008BB01A /* Debug */,
				350E5B88280F0607008BB01A /* Release */,
			);
			defaultConfigurationIsVisible = 0;
			defaultConfigurationName = Release;
		};
/* End XCConfigurationList section */

/* Begin XCRemoteSwiftPackageReference section */
		350E5B8B280F0710008BB01A /* XCRemoteSwiftPackageReference "firebase-ios-sdk" */ = {
			isa = XCRemoteSwiftPackageReference;
			repositoryURL = "https://github.com/firebase/firebase-ios-sdk";
			requirement = {
				kind = upToNextMajorVersion;
				minimumVersion = 8.0.0;
			};
		};
/* End XCRemoteSwiftPackageReference section */

/* Begin XCSwiftPackageProductDependency section */
		350E5B8C280F0710008BB01A /* FirebaseAnalytics */ = {
			isa = XCSwiftPackageProductDependency;
			package = 350E5B8B280F0710008BB01A /* XCRemoteSwiftPackageReference "firebase-ios-sdk" */;
			productName = FirebaseAnalytics;
		};
		350E5B8E280F0710008BB01A /* FirebaseAppCheck */ = {
			isa = XCSwiftPackageProductDependency;
			package = 350E5B8B280F0710008BB01A /* XCRemoteSwiftPackageReference "firebase-ios-sdk" */;
			productName = FirebaseAppCheck;
		};
		350E5B90280F0710008BB01A /* FirebaseDatabase */ = {
			isa = XCSwiftPackageProductDependency;
			package = 350E5B8B280F0710008BB01A /* XCRemoteSwiftPackageReference "firebase-ios-sdk" */;
			productName = FirebaseDatabase;
		};
		350E5B92280F0710008BB01A /* FirebaseDatabaseSwift-Beta */ = {
			isa = XCSwiftPackageProductDependency;
			package = 350E5B8B280F0710008BB01A /* XCRemoteSwiftPackageReference "firebase-ios-sdk" */;
			productName = "FirebaseDatabaseSwift-Beta";
		};
/* End XCSwiftPackageProductDependency section */
	};
	rootObject = 350E5B4E280F0606008BB01A /* Project object */;
}
