// !$*UTF8*$!
{
	archiveVersion = 1;
	classes = {
	};
	objectVersion = 55;
	objects = {

/* Begin PBXBuildFile section */
		3F7459F128139D6E00D190BC /* AppDelegate.swift in Sources */ = {isa = PBXBuildFile; fileRef = 3F7459F028139D6E00D190BC /* AppDelegate.swift */; };
		3F7459F328139D6E00D190BC /* SceneDelegate.swift in Sources */ = {isa = PBXBuildFile; fileRef = 3F7459F228139D6E00D190BC /* SceneDelegate.swift */; };
		3F7459F528139D6E00D190BC /* GenreViewController.swift in Sources */ = {isa = PBXBuildFile; fileRef = 3F7459F428139D6E00D190BC /* GenreViewController.swift */; };
		3F7459F828139D6E00D190BC /* Main.storyboard in Resources */ = {isa = PBXBuildFile; fileRef = 3F7459F628139D6E00D190BC /* Main.storyboard */; };
		3F7459FA28139D7100D190BC /* Assets.xcassets in Resources */ = {isa = PBXBuildFile; fileRef = 3F7459F928139D7100D190BC /* Assets.xcassets */; };
		3F7459FD28139D7100D190BC /* LaunchScreen.storyboard in Resources */ = {isa = PBXBuildFile; fileRef = 3F7459FB28139D7100D190BC /* LaunchScreen.storyboard */; };
		3F745A0828139D7100D190BC /* Manyam_MoviesTests.swift in Sources */ = {isa = PBXBuildFile; fileRef = 3F745A0728139D7100D190BC /* Manyam_MoviesTests.swift */; };
		3F745A1228139D7100D190BC /* Manyam_MoviesUITests.swift in Sources */ = {isa = PBXBuildFile; fileRef = 3F745A1128139D7100D190BC /* Manyam_MoviesUITests.swift */; };
		3F745A1428139D7100D190BC /* Manyam_MoviesUITestsLaunchTests.swift in Sources */ = {isa = PBXBuildFile; fileRef = 3F745A1328139D7100D190BC /* Manyam_MoviesUITestsLaunchTests.swift */; };
		3FA6F0E82813A5C200F50EF8 /* MoviesViewController.swift in Sources */ = {isa = PBXBuildFile; fileRef = 3FA6F0E72813A5C200F50EF8 /* MoviesViewController.swift */; };
		3FA6F0EC2813B1D000F50EF8 /* MovieCollectionViewCell.swift in Sources */ = {isa = PBXBuildFile; fileRef = 3FA6F0EB2813B1D000F50EF8 /* MovieCollectionViewCell.swift */; };
		3FA6F0EE2813B38E00F50EF8 /* MovieData.swift in Sources */ = {isa = PBXBuildFile; fileRef = 3FA6F0ED2813B38E00F50EF8 /* MovieData.swift */; };
/* End PBXBuildFile section */

/* Begin PBXContainerItemProxy section */
		3F745A0428139D7100D190BC /* PBXContainerItemProxy */ = {
			isa = PBXContainerItemProxy;
			containerPortal = 3F7459E528139D6E00D190BC /* Project object */;
			proxyType = 1;
			remoteGlobalIDString = 3F7459EC28139D6E00D190BC;
			remoteInfo = Manyam_Movies;
		};
		3F745A0E28139D7100D190BC /* PBXContainerItemProxy */ = {
			isa = PBXContainerItemProxy;
			containerPortal = 3F7459E528139D6E00D190BC /* Project object */;
			proxyType = 1;
			remoteGlobalIDString = 3F7459EC28139D6E00D190BC;
			remoteInfo = Manyam_Movies;
		};
/* End PBXContainerItemProxy section */

/* Begin PBXFileReference section */
		3F7459ED28139D6E00D190BC /* Manyam_Movies.app */ = {isa = PBXFileReference; explicitFileType = wrapper.application; includeInIndex = 0; path = Manyam_Movies.app; sourceTree = BUILT_PRODUCTS_DIR; };
		3F7459F028139D6E00D190BC /* AppDelegate.swift */ = {isa = PBXFileReference; lastKnownFileType = sourcecode.swift; path = AppDelegate.swift; sourceTree = "<group>"; };
		3F7459F228139D6E00D190BC /* SceneDelegate.swift */ = {isa = PBXFileReference; lastKnownFileType = sourcecode.swift; path = SceneDelegate.swift; sourceTree = "<group>"; };
		3F7459F428139D6E00D190BC /* GenreViewController.swift */ = {isa = PBXFileReference; lastKnownFileType = sourcecode.swift; path = GenreViewController.swift; sourceTree = "<group>"; };
		3F7459F728139D6E00D190BC /* Base */ = {isa = PBXFileReference; lastKnownFileType = file.storyboard; name = Base; path = Base.lproj/Main.storyboard; sourceTree = "<group>"; };
		3F7459F928139D7100D190BC /* Assets.xcassets */ = {isa = PBXFileReference; lastKnownFileType = folder.assetcatalog; path = Assets.xcassets; sourceTree = "<group>"; };
		3F7459FC28139D7100D190BC /* Base */ = {isa = PBXFileReference; lastKnownFileType = file.storyboard; name = Base; path = Base.lproj/LaunchScreen.storyboard; sourceTree = "<group>"; };
		3F7459FE28139D7100D190BC /* Info.plist */ = {isa = PBXFileReference; lastKnownFileType = text.plist.xml; path = Info.plist; sourceTree = "<group>"; };
		3F745A0328139D7100D190BC /* Manyam_MoviesTests.xctest */ = {isa = PBXFileReference; explicitFileType = wrapper.cfbundle; includeInIndex = 0; path = Manyam_MoviesTests.xctest; sourceTree = BUILT_PRODUCTS_DIR; };
		3F745A0728139D7100D190BC /* Manyam_MoviesTests.swift */ = {isa = PBXFileReference; lastKnownFileType = sourcecode.swift; path = Manyam_MoviesTests.swift; sourceTree = "<group>"; };
		3F745A0D28139D7100D190BC /* Manyam_MoviesUITests.xctest */ = {isa = PBXFileReference; explicitFileType = wrapper.cfbundle; includeInIndex = 0; path = Manyam_MoviesUITests.xctest; sourceTree = BUILT_PRODUCTS_DIR; };
		3F745A1128139D7100D190BC /* Manyam_MoviesUITests.swift */ = {isa = PBXFileReference; lastKnownFileType = sourcecode.swift; path = Manyam_MoviesUITests.swift; sourceTree = "<group>"; };
		3F745A1328139D7100D190BC /* Manyam_MoviesUITestsLaunchTests.swift */ = {isa = PBXFileReference; lastKnownFileType = sourcecode.swift; path = Manyam_MoviesUITestsLaunchTests.swift; sourceTree = "<group>"; };
		3FA6F0E72813A5C200F50EF8 /* MoviesViewController.swift */ = {isa = PBXFileReference; lastKnownFileType = sourcecode.swift; path = MoviesViewController.swift; sourceTree = "<group>"; };
		3FA6F0EB2813B1D000F50EF8 /* MovieCollectionViewCell.swift */ = {isa = PBXFileReference; lastKnownFileType = sourcecode.swift; path = MovieCollectionViewCell.swift; sourceTree = "<group>"; };
		3FA6F0ED2813B38E00F50EF8 /* MovieData.swift */ = {isa = PBXFileReference; lastKnownFileType = sourcecode.swift; path = MovieData.swift; sourceTree = "<group>"; };
/* End PBXFileReference section */

/* Begin PBXFrameworksBuildPhase section */
		3F7459EA28139D6E00D190BC /* Frameworks */ = {
			isa = PBXFrameworksBuildPhase;
			buildActionMask = 2147483647;
			files = (
			);
			runOnlyForDeploymentPostprocessing = 0;
		};
		3F745A0028139D7100D190BC /* Frameworks */ = {
			isa = PBXFrameworksBuildPhase;
			buildActionMask = 2147483647;
			files = (
			);
			runOnlyForDeploymentPostprocessing = 0;
		};
		3F745A0A28139D7100D190BC /* Frameworks */ = {
			isa = PBXFrameworksBuildPhase;
			buildActionMask = 2147483647;
			files = (
			);
			runOnlyForDeploymentPostprocessing = 0;
		};
/* End PBXFrameworksBuildPhase section */

/* Begin PBXGroup section */
		3F7459E428139D6E00D190BC = {
			isa = PBXGroup;
			children = (
				3F7459EF28139D6E00D190BC /* Manyam_Movies */,
				3F745A0628139D7100D190BC /* Manyam_MoviesTests */,
				3F745A1028139D7100D190BC /* Manyam_MoviesUITests */,
				3F7459EE28139D6E00D190BC /* Products */,
			);
			sourceTree = "<group>";
		};
		3F7459EE28139D6E00D190BC /* Products */ = {
			isa = PBXGroup;
			children = (
				3F7459ED28139D6E00D190BC /* Manyam_Movies.app */,
				3F745A0328139D7100D190BC /* Manyam_MoviesTests.xctest */,
				3F745A0D28139D7100D190BC /* Manyam_MoviesUITests.xctest */,
			);
			name = Products;
			sourceTree = "<group>";
		};
		3F7459EF28139D6E00D190BC /* Manyam_Movies */ = {
			isa = PBXGroup;
			children = (
				3F7459F028139D6E00D190BC /* AppDelegate.swift */,
				3F7459F228139D6E00D190BC /* SceneDelegate.swift */,
				3F7459F428139D6E00D190BC /* GenreViewController.swift */,
				3F7459F628139D6E00D190BC /* Main.storyboard */,
				3F7459F928139D7100D190BC /* Assets.xcassets */,
				3F7459FB28139D7100D190BC /* LaunchScreen.storyboard */,
				3F7459FE28139D7100D190BC /* Info.plist */,
				3FA6F0E72813A5C200F50EF8 /* MoviesViewController.swift */,
				3FA6F0EB2813B1D000F50EF8 /* MovieCollectionViewCell.swift */,
				3FA6F0ED2813B38E00F50EF8 /* MovieData.swift */,
			);
			path = Manyam_Movies;
			sourceTree = "<group>";
		};
		3F745A0628139D7100D190BC /* Manyam_MoviesTests */ = {
			isa = PBXGroup;
			children = (
				3F745A0728139D7100D190BC /* Manyam_MoviesTests.swift */,
			);
			path = Manyam_MoviesTests;
			sourceTree = "<group>";
		};
		3F745A1028139D7100D190BC /* Manyam_MoviesUITests */ = {
			isa = PBXGroup;
			children = (
				3F745A1128139D7100D190BC /* Manyam_MoviesUITests.swift */,
				3F745A1328139D7100D190BC /* Manyam_MoviesUITestsLaunchTests.swift */,
			);
			path = Manyam_MoviesUITests;
			sourceTree = "<group>";
		};
/* End PBXGroup section */

/* Begin PBXNativeTarget section */
		3F7459EC28139D6E00D190BC /* Manyam_Movies */ = {
			isa = PBXNativeTarget;
			buildConfigurationList = 3F745A1728139D7100D190BC /* Build configuration list for PBXNativeTarget "Manyam_Movies" */;
			buildPhases = (
				3F7459E928139D6E00D190BC /* Sources */,
				3F7459EA28139D6E00D190BC /* Frameworks */,
				3F7459EB28139D6E00D190BC /* Resources */,
			);
			buildRules = (
			);
			dependencies = (
			);
			name = Manyam_Movies;
			productName = Manyam_Movies;
			productReference = 3F7459ED28139D6E00D190BC /* Manyam_Movies.app */;
			productType = "com.apple.product-type.application";
		};
		3F745A0228139D7100D190BC /* Manyam_MoviesTests */ = {
			isa = PBXNativeTarget;
			buildConfigurationList = 3F745A1A28139D7100D190BC /* Build configuration list for PBXNativeTarget "Manyam_MoviesTests" */;
			buildPhases = (
				3F7459FF28139D7100D190BC /* Sources */,
				3F745A0028139D7100D190BC /* Frameworks */,
				3F745A0128139D7100D190BC /* Resources */,
			);
			buildRules = (
			);
			dependencies = (
				3F745A0528139D7100D190BC /* PBXTargetDependency */,
			);
			name = Manyam_MoviesTests;
			productName = Manyam_MoviesTests;
			productReference = 3F745A0328139D7100D190BC /* Manyam_MoviesTests.xctest */;
			productType = "com.apple.product-type.bundle.unit-test";
		};
		3F745A0C28139D7100D190BC /* Manyam_MoviesUITests */ = {
			isa = PBXNativeTarget;
			buildConfigurationList = 3F745A1D28139D7100D190BC /* Build configuration list for PBXNativeTarget "Manyam_MoviesUITests" */;
			buildPhases = (
				3F745A0928139D7100D190BC /* Sources */,
				3F745A0A28139D7100D190BC /* Frameworks */,
				3F745A0B28139D7100D190BC /* Resources */,
			);
			buildRules = (
			);
			dependencies = (
				3F745A0F28139D7100D190BC /* PBXTargetDependency */,
			);
			name = Manyam_MoviesUITests;
			productName = Manyam_MoviesUITests;
			productReference = 3F745A0D28139D7100D190BC /* Manyam_MoviesUITests.xctest */;
			productType = "com.apple.product-type.bundle.ui-testing";
		};
/* End PBXNativeTarget section */

/* Begin PBXProject section */
		3F7459E528139D6E00D190BC /* Project object */ = {
			isa = PBXProject;
			attributes = {
				BuildIndependentTargetsInParallel = 1;
				LastSwiftUpdateCheck = 1330;
				LastUpgradeCheck = 1330;
				TargetAttributes = {
					3F7459EC28139D6E00D190BC = {
						CreatedOnToolsVersion = 13.3;
					};
					3F745A0228139D7100D190BC = {
						CreatedOnToolsVersion = 13.3;
						TestTargetID = 3F7459EC28139D6E00D190BC;
					};
					3F745A0C28139D7100D190BC = {
						CreatedOnToolsVersion = 13.3;
						TestTargetID = 3F7459EC28139D6E00D190BC;
					};
				};
			};
			buildConfigurationList = 3F7459E828139D6E00D190BC /* Build configuration list for PBXProject "Manyam_Movies" */;
			compatibilityVersion = "Xcode 13.0";
			developmentRegion = en;
			hasScannedForEncodings = 0;
			knownRegions = (
				en,
				Base,
			);
			mainGroup = 3F7459E428139D6E00D190BC;
			productRefGroup = 3F7459EE28139D6E00D190BC /* Products */;
			projectDirPath = "";
			projectRoot = "";
			targets = (
				3F7459EC28139D6E00D190BC /* Manyam_Movies */,
				3F745A0228139D7100D190BC /* Manyam_MoviesTests */,
				3F745A0C28139D7100D190BC /* Manyam_MoviesUITests */,
			);
		};
/* End PBXProject section */

/* Begin PBXResourcesBuildPhase section */
		3F7459EB28139D6E00D190BC /* Resources */ = {
			isa = PBXResourcesBuildPhase;
			buildActionMask = 2147483647;
			files = (
				3F7459FD28139D7100D190BC /* LaunchScreen.storyboard in Resources */,
				3F7459FA28139D7100D190BC /* Assets.xcassets in Resources */,
				3F7459F828139D6E00D190BC /* Main.storyboard in Resources */,
			);
			runOnlyForDeploymentPostprocessing = 0;
		};
		3F745A0128139D7100D190BC /* Resources */ = {
			isa = PBXResourcesBuildPhase;
			buildActionMask = 2147483647;
			files = (
			);
			runOnlyForDeploymentPostprocessing = 0;
		};
		3F745A0B28139D7100D190BC /* Resources */ = {
			isa = PBXResourcesBuildPhase;
			buildActionMask = 2147483647;
			files = (
			);
			runOnlyForDeploymentPostprocessing = 0;
		};
/* End PBXResourcesBuildPhase section */

/* Begin PBXSourcesBuildPhase section */
		3F7459E928139D6E00D190BC /* Sources */ = {
			isa = PBXSourcesBuildPhase;
			buildActionMask = 2147483647;
			files = (
				3FA6F0EE2813B38E00F50EF8 /* MovieData.swift in Sources */,
				3F7459F528139D6E00D190BC /* GenreViewController.swift in Sources */,
				3F7459F128139D6E00D190BC /* AppDelegate.swift in Sources */,
				3FA6F0EC2813B1D000F50EF8 /* MovieCollectionViewCell.swift in Sources */,
				3F7459F328139D6E00D190BC /* SceneDelegate.swift in Sources */,
				3FA6F0E82813A5C200F50EF8 /* MoviesViewController.swift in Sources */,
			);
			runOnlyForDeploymentPostprocessing = 0;
		};
		3F7459FF28139D7100D190BC /* Sources */ = {
			isa = PBXSourcesBuildPhase;
			buildActionMask = 2147483647;
			files = (
				3F745A0828139D7100D190BC /* Manyam_MoviesTests.swift in Sources */,
			);
			runOnlyForDeploymentPostprocessing = 0;
		};
		3F745A0928139D7100D190BC /* Sources */ = {
			isa = PBXSourcesBuildPhase;
			buildActionMask = 2147483647;
			files = (
				3F745A1428139D7100D190BC /* Manyam_MoviesUITestsLaunchTests.swift in Sources */,
				3F745A1228139D7100D190BC /* Manyam_MoviesUITests.swift in Sources */,
			);
			runOnlyForDeploymentPostprocessing = 0;
		};
/* End PBXSourcesBuildPhase section */

/* Begin PBXTargetDependency section */
		3F745A0528139D7100D190BC /* PBXTargetDependency */ = {
			isa = PBXTargetDependency;
			target = 3F7459EC28139D6E00D190BC /* Manyam_Movies */;
			targetProxy = 3F745A0428139D7100D190BC /* PBXContainerItemProxy */;
		};
		3F745A0F28139D7100D190BC /* PBXTargetDependency */ = {
			isa = PBXTargetDependency;
			target = 3F7459EC28139D6E00D190BC /* Manyam_Movies */;
			targetProxy = 3F745A0E28139D7100D190BC /* PBXContainerItemProxy */;
		};
/* End PBXTargetDependency section */

/* Begin PBXVariantGroup section */
		3F7459F628139D6E00D190BC /* Main.storyboard */ = {
			isa = PBXVariantGroup;
			children = (
				3F7459F728139D6E00D190BC /* Base */,
			);
			name = Main.storyboard;
			sourceTree = "<group>";
		};
		3F7459FB28139D7100D190BC /* LaunchScreen.storyboard */ = {
			isa = PBXVariantGroup;
			children = (
				3F7459FC28139D7100D190BC /* Base */,
			);
			name = LaunchScreen.storyboard;
			sourceTree = "<group>";
		};
/* End PBXVariantGroup section */

/* Begin XCBuildConfiguration section */
		3F745A1528139D7100D190BC /* Debug */ = {
			isa = XCBuildConfiguration;
			buildSettings = {
				ALWAYS_SEARCH_USER_PATHS = NO;
				CLANG_ANALYZER_NONNULL = YES;
				CLANG_ANALYZER_NUMBER_OBJECT_CONVERSION = YES_AGGRESSIVE;
				CLANG_CXX_LANGUAGE_STANDARD = "gnu++17";
				CLANG_ENABLE_MODULES = YES;
				CLANG_ENABLE_OBJC_ARC = YES;
				CLANG_ENABLE_OBJC_WEAK = YES;
				CLANG_WARN_BLOCK_CAPTURE_AUTORELEASING = YES;
				CLANG_WARN_BOOL_CONVERSION = YES;
				CLANG_WARN_COMMA = YES;
				CLANG_WARN_CONSTANT_CONVERSION = YES;
				CLANG_WARN_DEPRECATED_OBJC_IMPLEMENTATIONS = YES;
				CLANG_WARN_DIRECT_OBJC_ISA_USAGE = YES_ERROR;
				CLANG_WARN_DOCUMENTATION_COMMENTS = YES;
				CLANG_WARN_EMPTY_BODY = YES;
				CLANG_WARN_ENUM_CONVERSION = YES;
				CLANG_WARN_INFINITE_RECURSION = YES;
				CLANG_WARN_INT_CONVERSION = YES;
				CLANG_WARN_NON_LITERAL_NULL_CONVERSION = YES;
				CLANG_WARN_OBJC_IMPLICIT_RETAIN_SELF = YES;
				CLANG_WARN_OBJC_LITERAL_CONVERSION = YES;
				CLANG_WARN_OBJC_ROOT_CLASS = YES_ERROR;
				CLANG_WARN_QUOTED_INCLUDE_IN_FRAMEWORK_HEADER = YES;
				CLANG_WARN_RANGE_LOOP_ANALYSIS = YES;
				CLANG_WARN_STRICT_PROTOTYPES = YES;
				CLANG_WARN_SUSPICIOUS_MOVE = YES;
				CLANG_WARN_UNGUARDED_AVAILABILITY = YES_AGGRESSIVE;
				CLANG_WARN_UNREACHABLE_CODE = YES;
				CLANG_WARN__DUPLICATE_METHOD_MATCH = YES;
				COPY_PHASE_STRIP = NO;
				DEBUG_INFORMATION_FORMAT = dwarf;
				ENABLE_STRICT_OBJC_MSGSEND = YES;
				ENABLE_TESTABILITY = YES;
				GCC_C_LANGUAGE_STANDARD = gnu11;
				GCC_DYNAMIC_NO_PIC = NO;
				GCC_NO_COMMON_BLOCKS = YES;
				GCC_OPTIMIZATION_LEVEL = 0;
				GCC_PREPROCESSOR_DEFINITIONS = (
					"DEBUG=1",
					"$(inherited)",
				);
				GCC_WARN_64_TO_32_BIT_CONVERSION = YES;
				GCC_WARN_ABOUT_RETURN_TYPE = YES_ERROR;
				GCC_WARN_UNDECLARED_SELECTOR = YES;
				GCC_WARN_UNINITIALIZED_AUTOS = YES_AGGRESSIVE;
				GCC_WARN_UNUSED_FUNCTION = YES;
				GCC_WARN_UNUSED_VARIABLE = YES;
				IPHONEOS_DEPLOYMENT_TARGET = 15.4;
				MTL_ENABLE_DEBUG_INFO = INCLUDE_SOURCE;
				MTL_FAST_MATH = YES;
				ONLY_ACTIVE_ARCH = YES;
				SDKROOT = iphoneos;
				SWIFT_ACTIVE_COMPILATION_CONDITIONS = DEBUG;
				SWIFT_OPTIMIZATION_LEVEL = "-Onone";
			};
			name = Debug;
		};
		3F745A1628139D7100D190BC /* Release */ = {
			isa = XCBuildConfiguration;
			buildSettings = {
				ALWAYS_SEARCH_USER_PATHS = NO;
				CLANG_ANALYZER_NONNULL = YES;
				CLANG_ANALYZER_NUMBER_OBJECT_CONVERSION = YES_AGGRESSIVE;
				CLANG_CXX_LANGUAGE_STANDARD = "gnu++17";
				CLANG_ENABLE_MODULES = YES;
				CLANG_ENABLE_OBJC_ARC = YES;
				CLANG_ENABLE_OBJC_WEAK = YES;
				CLANG_WARN_BLOCK_CAPTURE_AUTORELEASING = YES;
				CLANG_WARN_BOOL_CONVERSION = YES;
				CLANG_WARN_COMMA = YES;
				CLANG_WARN_CONSTANT_CONVERSION = YES;
				CLANG_WARN_DEPRECATED_OBJC_IMPLEMENTATIONS = YES;
				CLANG_WARN_DIRECT_OBJC_ISA_USAGE = YES_ERROR;
				CLANG_WARN_DOCUMENTATION_COMMENTS = YES;
				CLANG_WARN_EMPTY_BODY = YES;
				CLANG_WARN_ENUM_CONVERSION = YES;
				CLANG_WARN_INFINITE_RECURSION = YES;
				CLANG_WARN_INT_CONVERSION = YES;
				CLANG_WARN_NON_LITERAL_NULL_CONVERSION = YES;
				CLANG_WARN_OBJC_IMPLICIT_RETAIN_SELF = YES;
				CLANG_WARN_OBJC_LITERAL_CONVERSION = YES;
				CLANG_WARN_OBJC_ROOT_CLASS = YES_ERROR;
				CLANG_WARN_QUOTED_INCLUDE_IN_FRAMEWORK_HEADER = YES;
				CLANG_WARN_RANGE_LOOP_ANALYSIS = YES;
				CLANG_WARN_STRICT_PROTOTYPES = YES;
				CLANG_WARN_SUSPICIOUS_MOVE = YES;
				CLANG_WARN_UNGUARDED_AVAILABILITY = YES_AGGRESSIVE;
				CLANG_WARN_UNREACHABLE_CODE = YES;
				CLANG_WARN__DUPLICATE_METHOD_MATCH = YES;
				COPY_PHASE_STRIP = NO;
				DEBUG_INFORMATION_FORMAT = "dwarf-with-dsym";
				ENABLE_NS_ASSERTIONS = NO;
				ENABLE_STRICT_OBJC_MSGSEND = YES;
				GCC_C_LANGUAGE_STANDARD = gnu11;
				GCC_NO_COMMON_BLOCKS = YES;
				GCC_WARN_64_TO_32_BIT_CONVERSION = YES;
				GCC_WARN_ABOUT_RETURN_TYPE = YES_ERROR;
				GCC_WARN_UNDECLARED_SELECTOR = YES;
				GCC_WARN_UNINITIALIZED_AUTOS = YES_AGGRESSIVE;
				GCC_WARN_UNUSED_FUNCTION = YES;
				GCC_WARN_UNUSED_VARIABLE = YES;
				IPHONEOS_DEPLOYMENT_TARGET = 15.4;
				MTL_ENABLE_DEBUG_INFO = NO;
				MTL_FAST_MATH = YES;
				SDKROOT = iphoneos;
				SWIFT_COMPILATION_MODE = wholemodule;
				SWIFT_OPTIMIZATION_LEVEL = "-O";
				VALIDATE_PRODUCT = YES;
			};
			name = Release;
		};
		3F745A1828139D7100D190BC /* Debug */ = {
			isa = XCBuildConfiguration;
			buildSettings = {
				ASSETCATALOG_COMPILER_APPICON_NAME = AppIcon;
				ASSETCATALOG_COMPILER_GLOBAL_ACCENT_COLOR_NAME = AccentColor;
				CODE_SIGN_STYLE = Automatic;
				CURRENT_PROJECT_VERSION = 1;
				GENERATE_INFOPLIST_FILE = YES;
				INFOPLIST_FILE = Manyam_Movies/Info.plist;
				INFOPLIST_KEY_CFBundleDisplayName = Manyam_Movies;
				INFOPLIST_KEY_UIApplicationSupportsIndirectInputEvents = YES;
				INFOPLIST_KEY_UILaunchStoryboardName = LaunchScreen;
				INFOPLIST_KEY_UIMainStoryboardFile = Main;
				INFOPLIST_KEY_UISupportedInterfaceOrientations_iPad = "UIInterfaceOrientationPortrait UIInterfaceOrientationPortraitUpsideDown UIInterfaceOrientationLandscapeLeft UIInterfaceOrientationLandscapeRight";
				INFOPLIST_KEY_UISupportedInterfaceOrientations_iPhone = "UIInterfaceOrientationPortrait UIInterfaceOrientationLandscapeLeft UIInterfaceOrientationLandscapeRight";
				LD_RUNPATH_SEARCH_PATHS = (
					"$(inherited)",
					"@executable_path/Frameworks",
				);
				MARKETING_VERSION = 1.0;
				PRODUCT_BUNDLE_IDENTIFIER = "nwmsu.Manyam-Movies";
				PRODUCT_NAME = "$(TARGET_NAME)";
				SWIFT_EMIT_LOC_STRINGS = YES;
				SWIFT_VERSION = 5.0;
				TARGETED_DEVICE_FAMILY = "1,2";
			};
			name = Debug;
		};
		3F745A1928139D7100D190BC /* Release */ = {
			isa = XCBuildConfiguration;
			buildSettings = {
				ASSETCATALOG_COMPILER_APPICON_NAME = AppIcon;
				ASSETCATALOG_COMPILER_GLOBAL_ACCENT_COLOR_NAME = AccentColor;
				CODE_SIGN_STYLE = Automatic;
				CURRENT_PROJECT_VERSION = 1;
				GENERATE_INFOPLIST_FILE = YES;
				INFOPLIST_FILE = Manyam_Movies/Info.plist;
				INFOPLIST_KEY_CFBundleDisplayName = Manyam_Movies;
				INFOPLIST_KEY_UIApplicationSupportsIndirectInputEvents = YES;
				INFOPLIST_KEY_UILaunchStoryboardName = LaunchScreen;
				INFOPLIST_KEY_UIMainStoryboardFile = Main;
				INFOPLIST_KEY_UISupportedInterfaceOrientations_iPad = "UIInterfaceOrientationPortrait UIInterfaceOrientationPortraitUpsideDown UIInterfaceOrientationLandscapeLeft UIInterfaceOrientationLandscapeRight";
				INFOPLIST_KEY_UISupportedInterfaceOrientations_iPhone = "UIInterfaceOrientationPortrait UIInterfaceOrientationLandscapeLeft UIInterfaceOrientationLandscapeRight";
				LD_RUNPATH_SEARCH_PATHS = (
					"$(inherited)",
					"@executable_path/Frameworks",
				);
				MARKETING_VERSION = 1.0;
				PRODUCT_BUNDLE_IDENTIFIER = "nwmsu.Manyam-Movies";
				PRODUCT_NAME = "$(TARGET_NAME)";
				SWIFT_EMIT_LOC_STRINGS = YES;
				SWIFT_VERSION = 5.0;
				TARGETED_DEVICE_FAMILY = "1,2";
			};
			name = Release;
		};
		3F745A1B28139D7100D190BC /* Debug */ = {
			isa = XCBuildConfiguration;
			buildSettings = {
				ALWAYS_EMBED_SWIFT_STANDARD_LIBRARIES = YES;
				BUNDLE_LOADER = "$(TEST_HOST)";
				CODE_SIGN_STYLE = Automatic;
				CURRENT_PROJECT_VERSION = 1;
				GENERATE_INFOPLIST_FILE = YES;
				IPHONEOS_DEPLOYMENT_TARGET = 15.4;
				MARKETING_VERSION = 1.0;
				PRODUCT_BUNDLE_IDENTIFIER = "nwmsu.Manyam-MoviesTests";
				PRODUCT_NAME = "$(TARGET_NAME)";
				SWIFT_EMIT_LOC_STRINGS = NO;
				SWIFT_VERSION = 5.0;
				TARGETED_DEVICE_FAMILY = "1,2";
				TEST_HOST = "$(BUILT_PRODUCTS_DIR)/Manyam_Movies.app/Manyam_Movies";
			};
			name = Debug;
		};
		3F745A1C28139D7100D190BC /* Release */ = {
			isa = XCBuildConfiguration;
			buildSettings = {
				ALWAYS_EMBED_SWIFT_STANDARD_LIBRARIES = YES;
				BUNDLE_LOADER = "$(TEST_HOST)";
				CODE_SIGN_STYLE = Automatic;
				CURRENT_PROJECT_VERSION = 1;
				GENERATE_INFOPLIST_FILE = YES;
				IPHONEOS_DEPLOYMENT_TARGET = 15.4;
				MARKETING_VERSION = 1.0;
				PRODUCT_BUNDLE_IDENTIFIER = "nwmsu.Manyam-MoviesTests";
				PRODUCT_NAME = "$(TARGET_NAME)";
				SWIFT_EMIT_LOC_STRINGS = NO;
				SWIFT_VERSION = 5.0;
				TARGETED_DEVICE_FAMILY = "1,2";
				TEST_HOST = "$(BUILT_PRODUCTS_DIR)/Manyam_Movies.app/Manyam_Movies";
			};
			name = Release;
		};
		3F745A1E28139D7100D190BC /* Debug */ = {
			isa = XCBuildConfiguration;
			buildSettings = {
				ALWAYS_EMBED_SWIFT_STANDARD_LIBRARIES = YES;
				CODE_SIGN_STYLE = Automatic;
				CURRENT_PROJECT_VERSION = 1;
				GENERATE_INFOPLIST_FILE = YES;
				MARKETING_VERSION = 1.0;
				PRODUCT_BUNDLE_IDENTIFIER = "nwmsu.Manyam-MoviesUITests";
				PRODUCT_NAME = "$(TARGET_NAME)";
				SWIFT_EMIT_LOC_STRINGS = NO;
				SWIFT_VERSION = 5.0;
				TARGETED_DEVICE_FAMILY = "1,2";
				TEST_TARGET_NAME = Manyam_Movies;
			};
			name = Debug;
		};
		3F745A1F28139D7100D190BC /* Release */ = {
			isa = XCBuildConfiguration;
			buildSettings = {
				ALWAYS_EMBED_SWIFT_STANDARD_LIBRARIES = YES;
				CODE_SIGN_STYLE = Automatic;
				CURRENT_PROJECT_VERSION = 1;
				GENERATE_INFOPLIST_FILE = YES;
				MARKETING_VERSION = 1.0;
				PRODUCT_BUNDLE_IDENTIFIER = "nwmsu.Manyam-MoviesUITests";
				PRODUCT_NAME = "$(TARGET_NAME)";
				SWIFT_EMIT_LOC_STRINGS = NO;
				SWIFT_VERSION = 5.0;
				TARGETED_DEVICE_FAMILY = "1,2";
				TEST_TARGET_NAME = Manyam_Movies;
			};
			name = Release;
		};
/* End XCBuildConfiguration section */

/* Begin XCConfigurationList section */
		3F7459E828139D6E00D190BC /* Build configuration list for PBXProject "Manyam_Movies" */ = {
			isa = XCConfigurationList;
			buildConfigurations = (
				3F745A1528139D7100D190BC /* Debug */,
				3F745A1628139D7100D190BC /* Release */,
			);
			defaultConfigurationIsVisible = 0;
			defaultConfigurationName = Release;
		};
		3F745A1728139D7100D190BC /* Build configuration list for PBXNativeTarget "Manyam_Movies" */ = {
			isa = XCConfigurationList;
			buildConfigurations = (
				3F745A1828139D7100D190BC /* Debug */,
				3F745A1928139D7100D190BC /* Release */,
			);
			defaultConfigurationIsVisible = 0;
			defaultConfigurationName = Release;
		};
		3F745A1A28139D7100D190BC /* Build configuration list for PBXNativeTarget "Manyam_MoviesTests" */ = {
			isa = XCConfigurationList;
			buildConfigurations = (
				3F745A1B28139D7100D190BC /* Debug */,
				3F745A1C28139D7100D190BC /* Release */,
			);
			defaultConfigurationIsVisible = 0;
			defaultConfigurationName = Release;
		};
		3F745A1D28139D7100D190BC /* Build configuration list for PBXNativeTarget "Manyam_MoviesUITests" */ = {
			isa = XCConfigurationList;
			buildConfigurations = (
				3F745A1E28139D7100D190BC /* Debug */,
				3F745A1F28139D7100D190BC /* Release */,
			);
			defaultConfigurationIsVisible = 0;
			defaultConfigurationName = Release;
		};
/* End XCConfigurationList section */
	};
	rootObject = 3F7459E528139D6E00D190BC /* Project object */;
}
