// !$*UTF8*$!
{
	archiveVersion = 1;
	classes = {
	};
	objectVersion = 55;
	objects = {

/* Begin PBXBuildFile section */
		350761A727EA17660022E64B /* AppDelegate.swift in Sources */ = {isa = PBXBuildFile; fileRef = 350761A627EA17660022E64B /* AppDelegate.swift */; };
		350761A927EA17660022E64B /* SceneDelegate.swift in Sources */ = {isa = PBXBuildFile; fileRef = 350761A827EA17660022E64B /* SceneDelegate.swift */; };
		350761AB27EA17660022E64B /* ViewController.swift in Sources */ = {isa = PBXBuildFile; fileRef = 350761AA27EA17660022E64B /* ViewController.swift */; };
		350761AE27EA17660022E64B /* Main.storyboard in Resources */ = {isa = PBXBuildFile; fileRef = 350761AC27EA17660022E64B /* Main.storyboard */; };
		350761B027EA17670022E64B /* Assets.xcassets in Resources */ = {isa = PBXBuildFile; fileRef = 350761AF27EA17670022E64B /* Assets.xcassets */; };
		350761B327EA17670022E64B /* LaunchScreen.storyboard in Resources */ = {isa = PBXBuildFile; fileRef = 350761B127EA17670022E64B /* LaunchScreen.storyboard */; };
		350761BE27EA17680022E64B /* DiscountAppMultiControllerTests.swift in Sources */ = {isa = PBXBuildFile; fileRef = 350761BD27EA17680022E64B /* DiscountAppMultiControllerTests.swift */; };
		350761C827EA17680022E64B /* DiscountAppMultiControllerUITests.swift in Sources */ = {isa = PBXBuildFile; fileRef = 350761C727EA17680022E64B /* DiscountAppMultiControllerUITests.swift */; };
		350761CA27EA17680022E64B /* DiscountAppMultiControllerUITestsLaunchTests.swift in Sources */ = {isa = PBXBuildFile; fileRef = 350761C927EA17680022E64B /* DiscountAppMultiControllerUITestsLaunchTests.swift */; };
		350761D727EA193E0022E64B /* ResultViewController.swift in Sources */ = {isa = PBXBuildFile; fileRef = 350761D627EA193E0022E64B /* ResultViewController.swift */; };
/* End PBXBuildFile section */

/* Begin PBXContainerItemProxy section */
		350761BA27EA17680022E64B /* PBXContainerItemProxy */ = {
			isa = PBXContainerItemProxy;
			containerPortal = 3507619B27EA17660022E64B /* Project object */;
			proxyType = 1;
			remoteGlobalIDString = 350761A227EA17660022E64B;
			remoteInfo = DiscountAppMultiController;
		};
		350761C427EA17680022E64B /* PBXContainerItemProxy */ = {
			isa = PBXContainerItemProxy;
			containerPortal = 3507619B27EA17660022E64B /* Project object */;
			proxyType = 1;
			remoteGlobalIDString = 350761A227EA17660022E64B;
			remoteInfo = DiscountAppMultiController;
		};
/* End PBXContainerItemProxy section */

/* Begin PBXFileReference section */
		350761A327EA17660022E64B /* DiscountAppMultiController.app */ = {isa = PBXFileReference; explicitFileType = wrapper.application; includeInIndex = 0; path = DiscountAppMultiController.app; sourceTree = BUILT_PRODUCTS_DIR; };
		350761A627EA17660022E64B /* AppDelegate.swift */ = {isa = PBXFileReference; lastKnownFileType = sourcecode.swift; path = AppDelegate.swift; sourceTree = "<group>"; };
		350761A827EA17660022E64B /* SceneDelegate.swift */ = {isa = PBXFileReference; lastKnownFileType = sourcecode.swift; path = SceneDelegate.swift; sourceTree = "<group>"; };
		350761AA27EA17660022E64B /* ViewController.swift */ = {isa = PBXFileReference; lastKnownFileType = sourcecode.swift; path = ViewController.swift; sourceTree = "<group>"; };
		350761AD27EA17660022E64B /* Base */ = {isa = PBXFileReference; lastKnownFileType = file.storyboard; name = Base; path = Base.lproj/Main.storyboard; sourceTree = "<group>"; };
		350761AF27EA17670022E64B /* Assets.xcassets */ = {isa = PBXFileReference; lastKnownFileType = folder.assetcatalog; path = Assets.xcassets; sourceTree = "<group>"; };
		350761B227EA17670022E64B /* Base */ = {isa = PBXFileReference; lastKnownFileType = file.storyboard; name = Base; path = Base.lproj/LaunchScreen.storyboard; sourceTree = "<group>"; };
		350761B427EA17670022E64B /* Info.plist */ = {isa = PBXFileReference; lastKnownFileType = text.plist.xml; path = Info.plist; sourceTree = "<group>"; };
		350761B927EA17680022E64B /* DiscountAppMultiControllerTests.xctest */ = {isa = PBXFileReference; explicitFileType = wrapper.cfbundle; includeInIndex = 0; path = DiscountAppMultiControllerTests.xctest; sourceTree = BUILT_PRODUCTS_DIR; };
		350761BD27EA17680022E64B /* DiscountAppMultiControllerTests.swift */ = {isa = PBXFileReference; lastKnownFileType = sourcecode.swift; path = DiscountAppMultiControllerTests.swift; sourceTree = "<group>"; };
		350761C327EA17680022E64B /* DiscountAppMultiControllerUITests.xctest */ = {isa = PBXFileReference; explicitFileType = wrapper.cfbundle; includeInIndex = 0; path = DiscountAppMultiControllerUITests.xctest; sourceTree = BUILT_PRODUCTS_DIR; };
		350761C727EA17680022E64B /* DiscountAppMultiControllerUITests.swift */ = {isa = PBXFileReference; lastKnownFileType = sourcecode.swift; path = DiscountAppMultiControllerUITests.swift; sourceTree = "<group>"; };
		350761C927EA17680022E64B /* DiscountAppMultiControllerUITestsLaunchTests.swift */ = {isa = PBXFileReference; lastKnownFileType = sourcecode.swift; path = DiscountAppMultiControllerUITestsLaunchTests.swift; sourceTree = "<group>"; };
		350761D627EA193E0022E64B /* ResultViewController.swift */ = {isa = PBXFileReference; lastKnownFileType = sourcecode.swift; path = ResultViewController.swift; sourceTree = "<group>"; };
/* End PBXFileReference section */

/* Begin PBXFrameworksBuildPhase section */
		350761A027EA17660022E64B /* Frameworks */ = {
			isa = PBXFrameworksBuildPhase;
			buildActionMask = 2147483647;
			files = (
			);
			runOnlyForDeploymentPostprocessing = 0;
		};
		350761B627EA17680022E64B /* Frameworks */ = {
			isa = PBXFrameworksBuildPhase;
			buildActionMask = 2147483647;
			files = (
			);
			runOnlyForDeploymentPostprocessing = 0;
		};
		350761C027EA17680022E64B /* Frameworks */ = {
			isa = PBXFrameworksBuildPhase;
			buildActionMask = 2147483647;
			files = (
			);
			runOnlyForDeploymentPostprocessing = 0;
		};
/* End PBXFrameworksBuildPhase section */

/* Begin PBXGroup section */
		3507619A27EA17660022E64B = {
			isa = PBXGroup;
			children = (
				350761A527EA17660022E64B /* DiscountAppMultiController */,
				350761BC27EA17680022E64B /* DiscountAppMultiControllerTests */,
				350761C627EA17680022E64B /* DiscountAppMultiControllerUITests */,
				350761A427EA17660022E64B /* Products */,
			);
			sourceTree = "<group>";
		};
		350761A427EA17660022E64B /* Products */ = {
			isa = PBXGroup;
			children = (
				350761A327EA17660022E64B /* DiscountAppMultiController.app */,
				350761B927EA17680022E64B /* DiscountAppMultiControllerTests.xctest */,
				350761C327EA17680022E64B /* DiscountAppMultiControllerUITests.xctest */,
			);
			name = Products;
			sourceTree = "<group>";
		};
		350761A527EA17660022E64B /* DiscountAppMultiController */ = {
			isa = PBXGroup;
			children = (
				350761A627EA17660022E64B /* AppDelegate.swift */,
				350761A827EA17660022E64B /* SceneDelegate.swift */,
				350761AA27EA17660022E64B /* ViewController.swift */,
				350761AC27EA17660022E64B /* Main.storyboard */,
				350761AF27EA17670022E64B /* Assets.xcassets */,
				350761B127EA17670022E64B /* LaunchScreen.storyboard */,
				350761B427EA17670022E64B /* Info.plist */,
				350761D627EA193E0022E64B /* ResultViewController.swift */,
			);
			path = DiscountAppMultiController;
			sourceTree = "<group>";
		};
		350761BC27EA17680022E64B /* DiscountAppMultiControllerTests */ = {
			isa = PBXGroup;
			children = (
				350761BD27EA17680022E64B /* DiscountAppMultiControllerTests.swift */,
			);
			path = DiscountAppMultiControllerTests;
			sourceTree = "<group>";
		};
		350761C627EA17680022E64B /* DiscountAppMultiControllerUITests */ = {
			isa = PBXGroup;
			children = (
				350761C727EA17680022E64B /* DiscountAppMultiControllerUITests.swift */,
				350761C927EA17680022E64B /* DiscountAppMultiControllerUITestsLaunchTests.swift */,
			);
			path = DiscountAppMultiControllerUITests;
			sourceTree = "<group>";
		};
/* End PBXGroup section */

/* Begin PBXNativeTarget section */
		350761A227EA17660022E64B /* DiscountAppMultiController */ = {
			isa = PBXNativeTarget;
			buildConfigurationList = 350761CD27EA17680022E64B /* Build configuration list for PBXNativeTarget "DiscountAppMultiController" */;
			buildPhases = (
				3507619F27EA17660022E64B /* Sources */,
				350761A027EA17660022E64B /* Frameworks */,
				350761A127EA17660022E64B /* Resources */,
			);
			buildRules = (
			);
			dependencies = (
			);
			name = DiscountAppMultiController;
			productName = DiscountAppMultiController;
			productReference = 350761A327EA17660022E64B /* DiscountAppMultiController.app */;
			productType = "com.apple.product-type.application";
		};
		350761B827EA17680022E64B /* DiscountAppMultiControllerTests */ = {
			isa = PBXNativeTarget;
			buildConfigurationList = 350761D027EA17680022E64B /* Build configuration list for PBXNativeTarget "DiscountAppMultiControllerTests" */;
			buildPhases = (
				350761B527EA17680022E64B /* Sources */,
				350761B627EA17680022E64B /* Frameworks */,
				350761B727EA17680022E64B /* Resources */,
			);
			buildRules = (
			);
			dependencies = (
				350761BB27EA17680022E64B /* PBXTargetDependency */,
			);
			name = DiscountAppMultiControllerTests;
			productName = DiscountAppMultiControllerTests;
			productReference = 350761B927EA17680022E64B /* DiscountAppMultiControllerTests.xctest */;
			productType = "com.apple.product-type.bundle.unit-test";
		};
		350761C227EA17680022E64B /* DiscountAppMultiControllerUITests */ = {
			isa = PBXNativeTarget;
			buildConfigurationList = 350761D327EA17680022E64B /* Build configuration list for PBXNativeTarget "DiscountAppMultiControllerUITests" */;
			buildPhases = (
				350761BF27EA17680022E64B /* Sources */,
				350761C027EA17680022E64B /* Frameworks */,
				350761C127EA17680022E64B /* Resources */,
			);
			buildRules = (
			);
			dependencies = (
				350761C527EA17680022E64B /* PBXTargetDependency */,
			);
			name = DiscountAppMultiControllerUITests;
			productName = DiscountAppMultiControllerUITests;
			productReference = 350761C327EA17680022E64B /* DiscountAppMultiControllerUITests.xctest */;
			productType = "com.apple.product-type.bundle.ui-testing";
		};
/* End PBXNativeTarget section */

/* Begin PBXProject section */
		3507619B27EA17660022E64B /* Project object */ = {
			isa = PBXProject;
			attributes = {
				BuildIndependentTargetsInParallel = 1;
				LastSwiftUpdateCheck = 1320;
				LastUpgradeCheck = 1320;
				TargetAttributes = {
					350761A227EA17660022E64B = {
						CreatedOnToolsVersion = 13.2.1;
					};
					350761B827EA17680022E64B = {
						CreatedOnToolsVersion = 13.2.1;
						TestTargetID = 350761A227EA17660022E64B;
					};
					350761C227EA17680022E64B = {
						CreatedOnToolsVersion = 13.2.1;
						TestTargetID = 350761A227EA17660022E64B;
					};
				};
			};
			buildConfigurationList = 3507619E27EA17660022E64B /* Build configuration list for PBXProject "DiscountAppMultiController" */;
			compatibilityVersion = "Xcode 13.0";
			developmentRegion = en;
			hasScannedForEncodings = 0;
			knownRegions = (
				en,
				Base,
			);
			mainGroup = 3507619A27EA17660022E64B;
			productRefGroup = 350761A427EA17660022E64B /* Products */;
			projectDirPath = "";
			projectRoot = "";
			targets = (
				350761A227EA17660022E64B /* DiscountAppMultiController */,
				350761B827EA17680022E64B /* DiscountAppMultiControllerTests */,
				350761C227EA17680022E64B /* DiscountAppMultiControllerUITests */,
			);
		};
/* End PBXProject section */

/* Begin PBXResourcesBuildPhase section */
		350761A127EA17660022E64B /* Resources */ = {
			isa = PBXResourcesBuildPhase;
			buildActionMask = 2147483647;
			files = (
				350761B327EA17670022E64B /* LaunchScreen.storyboard in Resources */,
				350761B027EA17670022E64B /* Assets.xcassets in Resources */,
				350761AE27EA17660022E64B /* Main.storyboard in Resources */,
			);
			runOnlyForDeploymentPostprocessing = 0;
		};
		350761B727EA17680022E64B /* Resources */ = {
			isa = PBXResourcesBuildPhase;
			buildActionMask = 2147483647;
			files = (
			);
			runOnlyForDeploymentPostprocessing = 0;
		};
		350761C127EA17680022E64B /* Resources */ = {
			isa = PBXResourcesBuildPhase;
			buildActionMask = 2147483647;
			files = (
			);
			runOnlyForDeploymentPostprocessing = 0;
		};
/* End PBXResourcesBuildPhase section */

/* Begin PBXSourcesBuildPhase section */
		3507619F27EA17660022E64B /* Sources */ = {
			isa = PBXSourcesBuildPhase;
			buildActionMask = 2147483647;
			files = (
				350761AB27EA17660022E64B /* ViewController.swift in Sources */,
				350761A727EA17660022E64B /* AppDelegate.swift in Sources */,
				350761A927EA17660022E64B /* SceneDelegate.swift in Sources */,
				350761D727EA193E0022E64B /* ResultViewController.swift in Sources */,
			);
			runOnlyForDeploymentPostprocessing = 0;
		};
		350761B527EA17680022E64B /* Sources */ = {
			isa = PBXSourcesBuildPhase;
			buildActionMask = 2147483647;
			files = (
				350761BE27EA17680022E64B /* DiscountAppMultiControllerTests.swift in Sources */,
			);
			runOnlyForDeploymentPostprocessing = 0;
		};
		350761BF27EA17680022E64B /* Sources */ = {
			isa = PBXSourcesBuildPhase;
			buildActionMask = 2147483647;
			files = (
				350761C827EA17680022E64B /* DiscountAppMultiControllerUITests.swift in Sources */,
				350761CA27EA17680022E64B /* DiscountAppMultiControllerUITestsLaunchTests.swift in Sources */,
			);
			runOnlyForDeploymentPostprocessing = 0;
		};
/* End PBXSourcesBuildPhase section */

/* Begin PBXTargetDependency section */
		350761BB27EA17680022E64B /* PBXTargetDependency */ = {
			isa = PBXTargetDependency;
			target = 350761A227EA17660022E64B /* DiscountAppMultiController */;
			targetProxy = 350761BA27EA17680022E64B /* PBXContainerItemProxy */;
		};
		350761C527EA17680022E64B /* PBXTargetDependency */ = {
			isa = PBXTargetDependency;
			target = 350761A227EA17660022E64B /* DiscountAppMultiController */;
			targetProxy = 350761C427EA17680022E64B /* PBXContainerItemProxy */;
		};
/* End PBXTargetDependency section */

/* Begin PBXVariantGroup section */
		350761AC27EA17660022E64B /* Main.storyboard */ = {
			isa = PBXVariantGroup;
			children = (
				350761AD27EA17660022E64B /* Base */,
			);
			name = Main.storyboard;
			sourceTree = "<group>";
		};
		350761B127EA17670022E64B /* LaunchScreen.storyboard */ = {
			isa = PBXVariantGroup;
			children = (
				350761B227EA17670022E64B /* Base */,
			);
			name = LaunchScreen.storyboard;
			sourceTree = "<group>";
		};
/* End PBXVariantGroup section */

/* Begin XCBuildConfiguration section */
		350761CB27EA17680022E64B /* Debug */ = {
			isa = XCBuildConfiguration;
			buildSettings = {
				ALWAYS_SEARCH_USER_PATHS = NO;
				CLANG_ANALYZER_NONNULL = YES;
				CLANG_ANALYZER_NUMBER_OBJECT_CONVERSION = YES_AGGRESSIVE;
				CLANG_CXX_LANGUAGE_STANDARD = "gnu++17";
				CLANG_CXX_LIBRARY = "libc++";
				CLANG_ENABLE_MODULES = YES;
				CLANG_ENABLE_OBJC_ARC = YES;
				CLANG_ENABLE_OBJC_WEAK = YES;
				CLANG_WARN_BLOCK_CAPTURE_AUTORELEASING = YES;
				CLANG_WARN_BOOL_CONVERSION = YES;
				CLANG_WARN_COMMA = YES;
				CLANG_WARN_CONSTANT_CONVERSION = YES;
				CLANG_WARN_DEPRECATED_OBJC_IMPLEMENTATIONS = YES;
				CLANG_WARN_DIRECT_OBJC_ISA_USAGE = YES_ERROR;
				CLANG_WARN_DOCUMENTATION_COMMENTS = YES;
				CLANG_WARN_EMPTY_BODY = YES;
				CLANG_WARN_ENUM_CONVERSION = YES;
				CLANG_WARN_INFINITE_RECURSION = YES;
				CLANG_WARN_INT_CONVERSION = YES;
				CLANG_WARN_NON_LITERAL_NULL_CONVERSION = YES;
				CLANG_WARN_OBJC_IMPLICIT_RETAIN_SELF = YES;
				CLANG_WARN_OBJC_LITERAL_CONVERSION = YES;
				CLANG_WARN_OBJC_ROOT_CLASS = YES_ERROR;
				CLANG_WARN_QUOTED_INCLUDE_IN_FRAMEWORK_HEADER = YES;
				CLANG_WARN_RANGE_LOOP_ANALYSIS = YES;
				CLANG_WARN_STRICT_PROTOTYPES = YES;
				CLANG_WARN_SUSPICIOUS_MOVE = YES;
				CLANG_WARN_UNGUARDED_AVAILABILITY = YES_AGGRESSIVE;
				CLANG_WARN_UNREACHABLE_CODE = YES;
				CLANG_WARN__DUPLICATE_METHOD_MATCH = YES;
				COPY_PHASE_STRIP = NO;
				DEBUG_INFORMATION_FORMAT = dwarf;
				ENABLE_STRICT_OBJC_MSGSEND = YES;
				ENABLE_TESTABILITY = YES;
				GCC_C_LANGUAGE_STANDARD = gnu11;
				GCC_DYNAMIC_NO_PIC = NO;
				GCC_NO_COMMON_BLOCKS = YES;
				GCC_OPTIMIZATION_LEVEL = 0;
				GCC_PREPROCESSOR_DEFINITIONS = (
					"DEBUG=1",
					"$(inherited)",
				);
				GCC_WARN_64_TO_32_BIT_CONVERSION = YES;
				GCC_WARN_ABOUT_RETURN_TYPE = YES_ERROR;
				GCC_WARN_UNDECLARED_SELECTOR = YES;
				GCC_WARN_UNINITIALIZED_AUTOS = YES_AGGRESSIVE;
				GCC_WARN_UNUSED_FUNCTION = YES;
				GCC_WARN_UNUSED_VARIABLE = YES;
				IPHONEOS_DEPLOYMENT_TARGET = 15.2;
				MTL_ENABLE_DEBUG_INFO = INCLUDE_SOURCE;
				MTL_FAST_MATH = YES;
				ONLY_ACTIVE_ARCH = YES;
				SDKROOT = iphoneos;
				SWIFT_ACTIVE_COMPILATION_CONDITIONS = DEBUG;
				SWIFT_OPTIMIZATION_LEVEL = "-Onone";
			};
			name = Debug;
		};
		350761CC27EA17680022E64B /* Release */ = {
			isa = XCBuildConfiguration;
			buildSettings = {
				ALWAYS_SEARCH_USER_PATHS = NO;
				CLANG_ANALYZER_NONNULL = YES;
				CLANG_ANALYZER_NUMBER_OBJECT_CONVERSION = YES_AGGRESSIVE;
				CLANG_CXX_LANGUAGE_STANDARD = "gnu++17";
				CLANG_CXX_LIBRARY = "libc++";
				CLANG_ENABLE_MODULES = YES;
				CLANG_ENABLE_OBJC_ARC = YES;
				CLANG_ENABLE_OBJC_WEAK = YES;
				CLANG_WARN_BLOCK_CAPTURE_AUTORELEASING = YES;
				CLANG_WARN_BOOL_CONVERSION = YES;
				CLANG_WARN_COMMA = YES;
				CLANG_WARN_CONSTANT_CONVERSION = YES;
				CLANG_WARN_DEPRECATED_OBJC_IMPLEMENTATIONS = YES;
				CLANG_WARN_DIRECT_OBJC_ISA_USAGE = YES_ERROR;
				CLANG_WARN_DOCUMENTATION_COMMENTS = YES;
				CLANG_WARN_EMPTY_BODY = YES;
				CLANG_WARN_ENUM_CONVERSION = YES;
				CLANG_WARN_INFINITE_RECURSION = YES;
				CLANG_WARN_INT_CONVERSION = YES;
				CLANG_WARN_NON_LITERAL_NULL_CONVERSION = YES;
				CLANG_WARN_OBJC_IMPLICIT_RETAIN_SELF = YES;
				CLANG_WARN_OBJC_LITERAL_CONVERSION = YES;
				CLANG_WARN_OBJC_ROOT_CLASS = YES_ERROR;
				CLANG_WARN_QUOTED_INCLUDE_IN_FRAMEWORK_HEADER = YES;
				CLANG_WARN_RANGE_LOOP_ANALYSIS = YES;
				CLANG_WARN_STRICT_PROTOTYPES = YES;
				CLANG_WARN_SUSPICIOUS_MOVE = YES;
				CLANG_WARN_UNGUARDED_AVAILABILITY = YES_AGGRESSIVE;
				CLANG_WARN_UNREACHABLE_CODE = YES;
				CLANG_WARN__DUPLICATE_METHOD_MATCH = YES;
				COPY_PHASE_STRIP = NO;
				DEBUG_INFORMATION_FORMAT = "dwarf-with-dsym";
				ENABLE_NS_ASSERTIONS = NO;
				ENABLE_STRICT_OBJC_MSGSEND = YES;
				GCC_C_LANGUAGE_STANDARD = gnu11;
				GCC_NO_COMMON_BLOCKS = YES;
				GCC_WARN_64_TO_32_BIT_CONVERSION = YES;
				GCC_WARN_ABOUT_RETURN_TYPE = YES_ERROR;
				GCC_WARN_UNDECLARED_SELECTOR = YES;
				GCC_WARN_UNINITIALIZED_AUTOS = YES_AGGRESSIVE;
				GCC_WARN_UNUSED_FUNCTION = YES;
				GCC_WARN_UNUSED_VARIABLE = YES;
				IPHONEOS_DEPLOYMENT_TARGET = 15.2;
				MTL_ENABLE_DEBUG_INFO = NO;
				MTL_FAST_MATH = YES;
				SDKROOT = iphoneos;
				SWIFT_COMPILATION_MODE = wholemodule;
				SWIFT_OPTIMIZATION_LEVEL = "-O";
				VALIDATE_PRODUCT = YES;
			};
			name = Release;
		};
		350761CE27EA17680022E64B /* Debug */ = {
			isa = XCBuildConfiguration;
			buildSettings = {
				ASSETCATALOG_COMPILER_APPICON_NAME = AppIcon;
				ASSETCATALOG_COMPILER_GLOBAL_ACCENT_COLOR_NAME = AccentColor;
				CODE_SIGN_STYLE = Automatic;
				CURRENT_PROJECT_VERSION = 1;
				GENERATE_INFOPLIST_FILE = YES;
				INFOPLIST_FILE = DiscountAppMultiController/Info.plist;
				INFOPLIST_KEY_CFBundleDisplayName = DiscountAppMultiController;
				INFOPLIST_KEY_UIApplicationSupportsIndirectInputEvents = YES;
				INFOPLIST_KEY_UILaunchStoryboardName = LaunchScreen;
				INFOPLIST_KEY_UIMainStoryboardFile = Main;
				INFOPLIST_KEY_UISupportedInterfaceOrientations_iPad = "UIInterfaceOrientationPortrait UIInterfaceOrientationPortraitUpsideDown UIInterfaceOrientationLandscapeLeft UIInterfaceOrientationLandscapeRight";
				INFOPLIST_KEY_UISupportedInterfaceOrientations_iPhone = "UIInterfaceOrientationPortrait UIInterfaceOrientationLandscapeLeft UIInterfaceOrientationLandscapeRight";
				LD_RUNPATH_SEARCH_PATHS = (
					"$(inherited)",
					"@executable_path/Frameworks",
				);
				MARKETING_VERSION = 1.0;
				PRODUCT_BUNDLE_IDENTIFIER = NWMSU.DiscountAppMultiController;
				PRODUCT_NAME = "$(TARGET_NAME)";
				SWIFT_EMIT_LOC_STRINGS = YES;
				SWIFT_VERSION = 5.0;
				TARGETED_DEVICE_FAMILY = "1,2";
			};
			name = Debug;
		};
		350761CF27EA17680022E64B /* Release */ = {
			isa = XCBuildConfiguration;
			buildSettings = {
				ASSETCATALOG_COMPILER_APPICON_NAME = AppIcon;
				ASSETCATALOG_COMPILER_GLOBAL_ACCENT_COLOR_NAME = AccentColor;
				CODE_SIGN_STYLE = Automatic;
				CURRENT_PROJECT_VERSION = 1;
				GENERATE_INFOPLIST_FILE = YES;
				INFOPLIST_FILE = DiscountAppMultiController/Info.plist;
				INFOPLIST_KEY_CFBundleDisplayName = DiscountAppMultiController;
				INFOPLIST_KEY_UIApplicationSupportsIndirectInputEvents = YES;
				INFOPLIST_KEY_UILaunchStoryboardName = LaunchScreen;
				INFOPLIST_KEY_UIMainStoryboardFile = Main;
				INFOPLIST_KEY_UISupportedInterfaceOrientations_iPad = "UIInterfaceOrientationPortrait UIInterfaceOrientationPortraitUpsideDown UIInterfaceOrientationLandscapeLeft UIInterfaceOrientationLandscapeRight";
				INFOPLIST_KEY_UISupportedInterfaceOrientations_iPhone = "UIInterfaceOrientationPortrait UIInterfaceOrientationLandscapeLeft UIInterfaceOrientationLandscapeRight";
				LD_RUNPATH_SEARCH_PATHS = (
					"$(inherited)",
					"@executable_path/Frameworks",
				);
				MARKETING_VERSION = 1.0;
				PRODUCT_BUNDLE_IDENTIFIER = NWMSU.DiscountAppMultiController;
				PRODUCT_NAME = "$(TARGET_NAME)";
				SWIFT_EMIT_LOC_STRINGS = YES;
				SWIFT_VERSION = 5.0;
				TARGETED_DEVICE_FAMILY = "1,2";
			};
			name = Release;
		};
		350761D127EA17680022E64B /* Debug */ = {
			isa = XCBuildConfiguration;
			buildSettings = {
				ALWAYS_EMBED_SWIFT_STANDARD_LIBRARIES = YES;
				BUNDLE_LOADER = "$(TEST_HOST)";
				CODE_SIGN_STYLE = Automatic;
				CURRENT_PROJECT_VERSION = 1;
				GENERATE_INFOPLIST_FILE = YES;
				IPHONEOS_DEPLOYMENT_TARGET = 15.2;
				MARKETING_VERSION = 1.0;
				PRODUCT_BUNDLE_IDENTIFIER = NWMSU.DiscountAppMultiControllerTests;
				PRODUCT_NAME = "$(TARGET_NAME)";
				SWIFT_EMIT_LOC_STRINGS = NO;
				SWIFT_VERSION = 5.0;
				TARGETED_DEVICE_FAMILY = "1,2";
				TEST_HOST = "$(BUILT_PRODUCTS_DIR)/DiscountAppMultiController.app/DiscountAppMultiController";
			};
			name = Debug;
		};
		350761D227EA17680022E64B /* Release */ = {
			isa = XCBuildConfiguration;
			buildSettings = {
				ALWAYS_EMBED_SWIFT_STANDARD_LIBRARIES = YES;
				BUNDLE_LOADER = "$(TEST_HOST)";
				CODE_SIGN_STYLE = Automatic;
				CURRENT_PROJECT_VERSION = 1;
				GENERATE_INFOPLIST_FILE = YES;
				IPHONEOS_DEPLOYMENT_TARGET = 15.2;
				MARKETING_VERSION = 1.0;
				PRODUCT_BUNDLE_IDENTIFIER = NWMSU.DiscountAppMultiControllerTests;
				PRODUCT_NAME = "$(TARGET_NAME)";
				SWIFT_EMIT_LOC_STRINGS = NO;
				SWIFT_VERSION = 5.0;
				TARGETED_DEVICE_FAMILY = "1,2";
				TEST_HOST = "$(BUILT_PRODUCTS_DIR)/DiscountAppMultiController.app/DiscountAppMultiController";
			};
			name = Release;
		};
		350761D427EA17680022E64B /* Debug */ = {
			isa = XCBuildConfiguration;
			buildSettings = {
				ALWAYS_EMBED_SWIFT_STANDARD_LIBRARIES = YES;
				CODE_SIGN_STYLE = Automatic;
				CURRENT_PROJECT_VERSION = 1;
				GENERATE_INFOPLIST_FILE = YES;
				MARKETING_VERSION = 1.0;
				PRODUCT_BUNDLE_IDENTIFIER = NWMSU.DiscountAppMultiControllerUITests;
				PRODUCT_NAME = "$(TARGET_NAME)";
				SWIFT_EMIT_LOC_STRINGS = NO;
				SWIFT_VERSION = 5.0;
				TARGETED_DEVICE_FAMILY = "1,2";
				TEST_TARGET_NAME = DiscountAppMultiController;
			};
			name = Debug;
		};
		350761D527EA17680022E64B /* Release */ = {
			isa = XCBuildConfiguration;
			buildSettings = {
				ALWAYS_EMBED_SWIFT_STANDARD_LIBRARIES = YES;
				CODE_SIGN_STYLE = Automatic;
				CURRENT_PROJECT_VERSION = 1;
				GENERATE_INFOPLIST_FILE = YES;
				MARKETING_VERSION = 1.0;
				PRODUCT_BUNDLE_IDENTIFIER = NWMSU.DiscountAppMultiControllerUITests;
				PRODUCT_NAME = "$(TARGET_NAME)";
				SWIFT_EMIT_LOC_STRINGS = NO;
				SWIFT_VERSION = 5.0;
				TARGETED_DEVICE_FAMILY = "1,2";
				TEST_TARGET_NAME = DiscountAppMultiController;
			};
			name = Release;
		};
/* End XCBuildConfiguration section */

/* Begin XCConfigurationList section */
		3507619E27EA17660022E64B /* Build configuration list for PBXProject "DiscountAppMultiController" */ = {
			isa = XCConfigurationList;
			buildConfigurations = (
				350761CB27EA17680022E64B /* Debug */,
				350761CC27EA17680022E64B /* Release */,
			);
			defaultConfigurationIsVisible = 0;
			defaultConfigurationName = Release;
		};
		350761CD27EA17680022E64B /* Build configuration list for PBXNativeTarget "DiscountAppMultiController" */ = {
			isa = XCConfigurationList;
			buildConfigurations = (
				350761CE27EA17680022E64B /* Debug */,
				350761CF27EA17680022E64B /* Release */,
			);
			defaultConfigurationIsVisible = 0;
			defaultConfigurationName = Release;
		};
		350761D027EA17680022E64B /* Build configuration list for PBXNativeTarget "DiscountAppMultiControllerTests" */ = {
			isa = XCConfigurationList;
			buildConfigurations = (
				350761D127EA17680022E64B /* Debug */,
				350761D227EA17680022E64B /* Release */,
			);
			defaultConfigurationIsVisible = 0;
			defaultConfigurationName = Release;
		};
		350761D327EA17680022E64B /* Build configuration list for PBXNativeTarget "DiscountAppMultiControllerUITests" */ = {
			isa = XCConfigurationList;
			buildConfigurations = (
				350761D427EA17680022E64B /* Debug */,
				350761D527EA17680022E64B /* Release */,
			);
			defaultConfigurationIsVisible = 0;
			defaultConfigurationName = Release;
		};
/* End XCConfigurationList section */
	};
	rootObject = 3507619B27EA17660022E64B /* Project object */;
}
