// !$*UTF8*$!
{
	archiveVersion = 1;
	classes = {
	};
	objectVersion = 55;
	objects = {

/* Begin PBXBuildFile section */
		3FB5FBBD27E97D770059BFF8 /* AppDelegate.swift in Sources */ = {isa = PBXBuildFile; fileRef = 3FB5FBBC27E97D770059BFF8 /* AppDelegate.swift */; };
		3FB5FBBF27E97D770059BFF8 /* SceneDelegate.swift in Sources */ = {isa = PBXBuildFile; fileRef = 3FB5FBBE27E97D770059BFF8 /* SceneDelegate.swift */; };
		3FB5FBC127E97D770059BFF8 /* ViewController.swift in Sources */ = {isa = PBXBuildFile; fileRef = 3FB5FBC027E97D770059BFF8 /* ViewController.swift */; };
		3FB5FBC427E97D770059BFF8 /* Main.storyboard in Resources */ = {isa = PBXBuildFile; fileRef = 3FB5FBC227E97D770059BFF8 /* Main.storyboard */; };
		3FB5FBC627E97D770059BFF8 /* Assets.xcassets in Resources */ = {isa = PBXBuildFile; fileRef = 3FB5FBC527E97D770059BFF8 /* Assets.xcassets */; };
		3FB5FBC927E97D770059BFF8 /* LaunchScreen.storyboard in Resources */ = {isa = PBXBuildFile; fileRef = 3FB5FBC727E97D770059BFF8 /* LaunchScreen.storyboard */; };
		3FB5FBD427E97D770059BFF8 /* Manyam_WordGuessTests.swift in Sources */ = {isa = PBXBuildFile; fileRef = 3FB5FBD327E97D770059BFF8 /* Manyam_WordGuessTests.swift */; };
		3FB5FBDE27E97D770059BFF8 /* Manyam_WordGuessUITests.swift in Sources */ = {isa = PBXBuildFile; fileRef = 3FB5FBDD27E97D770059BFF8 /* Manyam_WordGuessUITests.swift */; };
		3FB5FBE027E97D770059BFF8 /* Manyam_WordGuessUITestsLaunchTests.swift in Sources */ = {isa = PBXBuildFile; fileRef = 3FB5FBDF27E97D770059BFF8 /* Manyam_WordGuessUITestsLaunchTests.swift */; };
/* End PBXBuildFile section */

/* Begin PBXContainerItemProxy section */
		3FB5FBD027E97D770059BFF8 /* PBXContainerItemProxy */ = {
			isa = PBXContainerItemProxy;
			containerPortal = 3FB5FBB127E97D760059BFF8 /* Project object */;
			proxyType = 1;
			remoteGlobalIDString = 3FB5FBB827E97D770059BFF8;
			remoteInfo = Manyam_WordGuess;
		};
		3FB5FBDA27E97D770059BFF8 /* PBXContainerItemProxy */ = {
			isa = PBXContainerItemProxy;
			containerPortal = 3FB5FBB127E97D760059BFF8 /* Project object */;
			proxyType = 1;
			remoteGlobalIDString = 3FB5FBB827E97D770059BFF8;
			remoteInfo = Manyam_WordGuess;
		};
/* End PBXContainerItemProxy section */

/* Begin PBXFileReference section */
		3FB5FBB927E97D770059BFF8 /* Manyam_WordGuess.app */ = {isa = PBXFileReference; explicitFileType = wrapper.application; includeInIndex = 0; path = Manyam_WordGuess.app; sourceTree = BUILT_PRODUCTS_DIR; };
		3FB5FBBC27E97D770059BFF8 /* AppDelegate.swift */ = {isa = PBXFileReference; lastKnownFileType = sourcecode.swift; path = AppDelegate.swift; sourceTree = "<group>"; };
		3FB5FBBE27E97D770059BFF8 /* SceneDelegate.swift */ = {isa = PBXFileReference; lastKnownFileType = sourcecode.swift; path = SceneDelegate.swift; sourceTree = "<group>"; };
		3FB5FBC027E97D770059BFF8 /* ViewController.swift */ = {isa = PBXFileReference; lastKnownFileType = sourcecode.swift; path = ViewController.swift; sourceTree = "<group>"; };
		3FB5FBC327E97D770059BFF8 /* Base */ = {isa = PBXFileReference; lastKnownFileType = file.storyboard; name = Base; path = Base.lproj/Main.storyboard; sourceTree = "<group>"; };
		3FB5FBC527E97D770059BFF8 /* Assets.xcassets */ = {isa = PBXFileReference; lastKnownFileType = folder.assetcatalog; path = Assets.xcassets; sourceTree = "<group>"; };
		3FB5FBC827E97D770059BFF8 /* Base */ = {isa = PBXFileReference; lastKnownFileType = file.storyboard; name = Base; path = Base.lproj/LaunchScreen.storyboard; sourceTree = "<group>"; };
		3FB5FBCA27E97D770059BFF8 /* Info.plist */ = {isa = PBXFileReference; lastKnownFileType = text.plist.xml; path = Info.plist; sourceTree = "<group>"; };
		3FB5FBCF27E97D770059BFF8 /* Manyam_WordGuessTests.xctest */ = {isa = PBXFileReference; explicitFileType = wrapper.cfbundle; includeInIndex = 0; path = Manyam_WordGuessTests.xctest; sourceTree = BUILT_PRODUCTS_DIR; };
		3FB5FBD327E97D770059BFF8 /* Manyam_WordGuessTests.swift */ = {isa = PBXFileReference; lastKnownFileType = sourcecode.swift; path = Manyam_WordGuessTests.swift; sourceTree = "<group>"; };
		3FB5FBD927E97D770059BFF8 /* Manyam_WordGuessUITests.xctest */ = {isa = PBXFileReference; explicitFileType = wrapper.cfbundle; includeInIndex = 0; path = Manyam_WordGuessUITests.xctest; sourceTree = BUILT_PRODUCTS_DIR; };
		3FB5FBDD27E97D770059BFF8 /* Manyam_WordGuessUITests.swift */ = {isa = PBXFileReference; lastKnownFileType = sourcecode.swift; path = Manyam_WordGuessUITests.swift; sourceTree = "<group>"; };
		3FB5FBDF27E97D770059BFF8 /* Manyam_WordGuessUITestsLaunchTests.swift */ = {isa = PBXFileReference; lastKnownFileType = sourcecode.swift; path = Manyam_WordGuessUITestsLaunchTests.swift; sourceTree = "<group>"; };
/* End PBXFileReference section */

/* Begin PBXFrameworksBuildPhase section */
		3FB5FBB627E97D770059BFF8 /* Frameworks */ = {
			isa = PBXFrameworksBuildPhase;
			buildActionMask = 2147483647;
			files = (
			);
			runOnlyForDeploymentPostprocessing = 0;
		};
		3FB5FBCC27E97D770059BFF8 /* Frameworks */ = {
			isa = PBXFrameworksBuildPhase;
			buildActionMask = 2147483647;
			files = (
			);
			runOnlyForDeploymentPostprocessing = 0;
		};
		3FB5FBD627E97D770059BFF8 /* Frameworks */ = {
			isa = PBXFrameworksBuildPhase;
			buildActionMask = 2147483647;
			files = (
			);
			runOnlyForDeploymentPostprocessing = 0;
		};
/* End PBXFrameworksBuildPhase section */

/* Begin PBXGroup section */
		3FB5FBB027E97D760059BFF8 = {
			isa = PBXGroup;
			children = (
				3FB5FBBB27E97D770059BFF8 /* Manyam_WordGuess */,
				3FB5FBD227E97D770059BFF8 /* Manyam_WordGuessTests */,
				3FB5FBDC27E97D770059BFF8 /* Manyam_WordGuessUITests */,
				3FB5FBBA27E97D770059BFF8 /* Products */,
			);
			sourceTree = "<group>";
		};
		3FB5FBBA27E97D770059BFF8 /* Products */ = {
			isa = PBXGroup;
			children = (
				3FB5FBB927E97D770059BFF8 /* Manyam_WordGuess.app */,
				3FB5FBCF27E97D770059BFF8 /* Manyam_WordGuessTests.xctest */,
				3FB5FBD927E97D770059BFF8 /* Manyam_WordGuessUITests.xctest */,
			);
			name = Products;
			sourceTree = "<group>";
		};
		3FB5FBBB27E97D770059BFF8 /* Manyam_WordGuess */ = {
			isa = PBXGroup;
			children = (
				3FB5FBBC27E97D770059BFF8 /* AppDelegate.swift */,
				3FB5FBBE27E97D770059BFF8 /* SceneDelegate.swift */,
				3FB5FBC027E97D770059BFF8 /* ViewController.swift */,
				3FB5FBC227E97D770059BFF8 /* Main.storyboard */,
				3FB5FBC527E97D770059BFF8 /* Assets.xcassets */,
				3FB5FBC727E97D770059BFF8 /* LaunchScreen.storyboard */,
				3FB5FBCA27E97D770059BFF8 /* Info.plist */,
			);
			path = Manyam_WordGuess;
			sourceTree = "<group>";
		};
		3FB5FBD227E97D770059BFF8 /* Manyam_WordGuessTests */ = {
			isa = PBXGroup;
			children = (
				3FB5FBD327E97D770059BFF8 /* Manyam_WordGuessTests.swift */,
			);
			path = Manyam_WordGuessTests;
			sourceTree = "<group>";
		};
		3FB5FBDC27E97D770059BFF8 /* Manyam_WordGuessUITests */ = {
			isa = PBXGroup;
			children = (
				3FB5FBDD27E97D770059BFF8 /* Manyam_WordGuessUITests.swift */,
				3FB5FBDF27E97D770059BFF8 /* Manyam_WordGuessUITestsLaunchTests.swift */,
			);
			path = Manyam_WordGuessUITests;
			sourceTree = "<group>";
		};
/* End PBXGroup section */

/* Begin PBXNativeTarget section */
		3FB5FBB827E97D770059BFF8 /* Manyam_WordGuess */ = {
			isa = PBXNativeTarget;
			buildConfigurationList = 3FB5FBE327E97D770059BFF8 /* Build configuration list for PBXNativeTarget "Manyam_WordGuess" */;
			buildPhases = (
				3FB5FBB527E97D770059BFF8 /* Sources */,
				3FB5FBB627E97D770059BFF8 /* Frameworks */,
				3FB5FBB727E97D770059BFF8 /* Resources */,
			);
			buildRules = (
			);
			dependencies = (
			);
			name = Manyam_WordGuess;
			productName = Manyam_WordGuess;
			productReference = 3FB5FBB927E97D770059BFF8 /* Manyam_WordGuess.app */;
			productType = "com.apple.product-type.application";
		};
		3FB5FBCE27E97D770059BFF8 /* Manyam_WordGuessTests */ = {
			isa = PBXNativeTarget;
			buildConfigurationList = 3FB5FBE627E97D770059BFF8 /* Build configuration list for PBXNativeTarget "Manyam_WordGuessTests" */;
			buildPhases = (
				3FB5FBCB27E97D770059BFF8 /* Sources */,
				3FB5FBCC27E97D770059BFF8 /* Frameworks */,
				3FB5FBCD27E97D770059BFF8 /* Resources */,
			);
			buildRules = (
			);
			dependencies = (
				3FB5FBD127E97D770059BFF8 /* PBXTargetDependency */,
			);
			name = Manyam_WordGuessTests;
			productName = Manyam_WordGuessTests;
			productReference = 3FB5FBCF27E97D770059BFF8 /* Manyam_WordGuessTests.xctest */;
			productType = "com.apple.product-type.bundle.unit-test";
		};
		3FB5FBD827E97D770059BFF8 /* Manyam_WordGuessUITests */ = {
			isa = PBXNativeTarget;
			buildConfigurationList = 3FB5FBE927E97D770059BFF8 /* Build configuration list for PBXNativeTarget "Manyam_WordGuessUITests" */;
			buildPhases = (
				3FB5FBD527E97D770059BFF8 /* Sources */,
				3FB5FBD627E97D770059BFF8 /* Frameworks */,
				3FB5FBD727E97D770059BFF8 /* Resources */,
			);
			buildRules = (
			);
			dependencies = (
				3FB5FBDB27E97D770059BFF8 /* PBXTargetDependency */,
			);
			name = Manyam_WordGuessUITests;
			productName = Manyam_WordGuessUITests;
			productReference = 3FB5FBD927E97D770059BFF8 /* Manyam_WordGuessUITests.xctest */;
			productType = "com.apple.product-type.bundle.ui-testing";
		};
/* End PBXNativeTarget section */

/* Begin PBXProject section */
		3FB5FBB127E97D760059BFF8 /* Project object */ = {
			isa = PBXProject;
			attributes = {
				BuildIndependentTargetsInParallel = 1;
				LastSwiftUpdateCheck = 1330;
				LastUpgradeCheck = 1330;
				TargetAttributes = {
					3FB5FBB827E97D770059BFF8 = {
						CreatedOnToolsVersion = 13.3;
					};
					3FB5FBCE27E97D770059BFF8 = {
						CreatedOnToolsVersion = 13.3;
						TestTargetID = 3FB5FBB827E97D770059BFF8;
					};
					3FB5FBD827E97D770059BFF8 = {
						CreatedOnToolsVersion = 13.3;
						TestTargetID = 3FB5FBB827E97D770059BFF8;
					};
				};
			};
			buildConfigurationList = 3FB5FBB427E97D760059BFF8 /* Build configuration list for PBXProject "Manyam_WordGuess" */;
			compatibilityVersion = "Xcode 13.0";
			developmentRegion = en;
			hasScannedForEncodings = 0;
			knownRegions = (
				en,
				Base,
			);
			mainGroup = 3FB5FBB027E97D760059BFF8;
			productRefGroup = 3FB5FBBA27E97D770059BFF8 /* Products */;
			projectDirPath = "";
			projectRoot = "";
			targets = (
				3FB5FBB827E97D770059BFF8 /* Manyam_WordGuess */,
				3FB5FBCE27E97D770059BFF8 /* Manyam_WordGuessTests */,
				3FB5FBD827E97D770059BFF8 /* Manyam_WordGuessUITests */,
			);
		};
/* End PBXProject section */

/* Begin PBXResourcesBuildPhase section */
		3FB5FBB727E97D770059BFF8 /* Resources */ = {
			isa = PBXResourcesBuildPhase;
			buildActionMask = 2147483647;
			files = (
				3FB5FBC927E97D770059BFF8 /* LaunchScreen.storyboard in Resources */,
				3FB5FBC627E97D770059BFF8 /* Assets.xcassets in Resources */,
				3FB5FBC427E97D770059BFF8 /* Main.storyboard in Resources */,
			);
			runOnlyForDeploymentPostprocessing = 0;
		};
		3FB5FBCD27E97D770059BFF8 /* Resources */ = {
			isa = PBXResourcesBuildPhase;
			buildActionMask = 2147483647;
			files = (
			);
			runOnlyForDeploymentPostprocessing = 0;
		};
		3FB5FBD727E97D770059BFF8 /* Resources */ = {
			isa = PBXResourcesBuildPhase;
			buildActionMask = 2147483647;
			files = (
			);
			runOnlyForDeploymentPostprocessing = 0;
		};
/* End PBXResourcesBuildPhase section */

/* Begin PBXSourcesBuildPhase section */
		3FB5FBB527E97D770059BFF8 /* Sources */ = {
			isa = PBXSourcesBuildPhase;
			buildActionMask = 2147483647;
			files = (
				3FB5FBC127E97D770059BFF8 /* ViewController.swift in Sources */,
				3FB5FBBD27E97D770059BFF8 /* AppDelegate.swift in Sources */,
				3FB5FBBF27E97D770059BFF8 /* SceneDelegate.swift in Sources */,
			);
			runOnlyForDeploymentPostprocessing = 0;
		};
		3FB5FBCB27E97D770059BFF8 /* Sources */ = {
			isa = PBXSourcesBuildPhase;
			buildActionMask = 2147483647;
			files = (
				3FB5FBD427E97D770059BFF8 /* Manyam_WordGuessTests.swift in Sources */,
			);
			runOnlyForDeploymentPostprocessing = 0;
		};
		3FB5FBD527E97D770059BFF8 /* Sources */ = {
			isa = PBXSourcesBuildPhase;
			buildActionMask = 2147483647;
			files = (
				3FB5FBDE27E97D770059BFF8 /* Manyam_WordGuessUITests.swift in Sources */,
				3FB5FBE027E97D770059BFF8 /* Manyam_WordGuessUITestsLaunchTests.swift in Sources */,
			);
			runOnlyForDeploymentPostprocessing = 0;
		};
/* End PBXSourcesBuildPhase section */

/* Begin PBXTargetDependency section */
		3FB5FBD127E97D770059BFF8 /* PBXTargetDependency */ = {
			isa = PBXTargetDependency;
			target = 3FB5FBB827E97D770059BFF8 /* Manyam_WordGuess */;
			targetProxy = 3FB5FBD027E97D770059BFF8 /* PBXContainerItemProxy */;
		};
		3FB5FBDB27E97D770059BFF8 /* PBXTargetDependency */ = {
			isa = PBXTargetDependency;
			target = 3FB5FBB827E97D770059BFF8 /* Manyam_WordGuess */;
			targetProxy = 3FB5FBDA27E97D770059BFF8 /* PBXContainerItemProxy */;
		};
/* End PBXTargetDependency section */

/* Begin PBXVariantGroup section */
		3FB5FBC227E97D770059BFF8 /* Main.storyboard */ = {
			isa = PBXVariantGroup;
			children = (
				3FB5FBC327E97D770059BFF8 /* Base */,
			);
			name = Main.storyboard;
			sourceTree = "<group>";
		};
		3FB5FBC727E97D770059BFF8 /* LaunchScreen.storyboard */ = {
			isa = PBXVariantGroup;
			children = (
				3FB5FBC827E97D770059BFF8 /* Base */,
			);
			name = LaunchScreen.storyboard;
			sourceTree = "<group>";
		};
/* End PBXVariantGroup section */

/* Begin XCBuildConfiguration section */
		3FB5FBE127E97D770059BFF8 /* Debug */ = {
			isa = XCBuildConfiguration;
			buildSettings = {
				ALWAYS_SEARCH_USER_PATHS = NO;
				CLANG_ANALYZER_NONNULL = YES;
				CLANG_ANALYZER_NUMBER_OBJECT_CONVERSION = YES_AGGRESSIVE;
				CLANG_CXX_LANGUAGE_STANDARD = "gnu++17";
				CLANG_ENABLE_MODULES = YES;
				CLANG_ENABLE_OBJC_ARC = YES;
				CLANG_ENABLE_OBJC_WEAK = YES;
				CLANG_WARN_BLOCK_CAPTURE_AUTORELEASING = YES;
				CLANG_WARN_BOOL_CONVERSION = YES;
				CLANG_WARN_COMMA = YES;
				CLANG_WARN_CONSTANT_CONVERSION = YES;
				CLANG_WARN_DEPRECATED_OBJC_IMPLEMENTATIONS = YES;
				CLANG_WARN_DIRECT_OBJC_ISA_USAGE = YES_ERROR;
				CLANG_WARN_DOCUMENTATION_COMMENTS = YES;
				CLANG_WARN_EMPTY_BODY = YES;
				CLANG_WARN_ENUM_CONVERSION = YES;
				CLANG_WARN_INFINITE_RECURSION = YES;
				CLANG_WARN_INT_CONVERSION = YES;
				CLANG_WARN_NON_LITERAL_NULL_CONVERSION = YES;
				CLANG_WARN_OBJC_IMPLICIT_RETAIN_SELF = YES;
				CLANG_WARN_OBJC_LITERAL_CONVERSION = YES;
				CLANG_WARN_OBJC_ROOT_CLASS = YES_ERROR;
				CLANG_WARN_QUOTED_INCLUDE_IN_FRAMEWORK_HEADER = YES;
				CLANG_WARN_RANGE_LOOP_ANALYSIS = YES;
				CLANG_WARN_STRICT_PROTOTYPES = YES;
				CLANG_WARN_SUSPICIOUS_MOVE = YES;
				CLANG_WARN_UNGUARDED_AVAILABILITY = YES_AGGRESSIVE;
				CLANG_WARN_UNREACHABLE_CODE = YES;
				CLANG_WARN__DUPLICATE_METHOD_MATCH = YES;
				COPY_PHASE_STRIP = NO;
				DEBUG_INFORMATION_FORMAT = dwarf;
				ENABLE_STRICT_OBJC_MSGSEND = YES;
				ENABLE_TESTABILITY = YES;
				GCC_C_LANGUAGE_STANDARD = gnu11;
				GCC_DYNAMIC_NO_PIC = NO;
				GCC_NO_COMMON_BLOCKS = YES;
				GCC_OPTIMIZATION_LEVEL = 0;
				GCC_PREPROCESSOR_DEFINITIONS = (
					"DEBUG=1",
					"$(inherited)",
				);
				GCC_WARN_64_TO_32_BIT_CONVERSION = YES;
				GCC_WARN_ABOUT_RETURN_TYPE = YES_ERROR;
				GCC_WARN_UNDECLARED_SELECTOR = YES;
				GCC_WARN_UNINITIALIZED_AUTOS = YES_AGGRESSIVE;
				GCC_WARN_UNUSED_FUNCTION = YES;
				GCC_WARN_UNUSED_VARIABLE = YES;
				IPHONEOS_DEPLOYMENT_TARGET = 15.4;
				MTL_ENABLE_DEBUG_INFO = INCLUDE_SOURCE;
				MTL_FAST_MATH = YES;
				ONLY_ACTIVE_ARCH = YES;
				SDKROOT = iphoneos;
				SWIFT_ACTIVE_COMPILATION_CONDITIONS = DEBUG;
				SWIFT_OPTIMIZATION_LEVEL = "-Onone";
			};
			name = Debug;
		};
		3FB5FBE227E97D770059BFF8 /* Release */ = {
			isa = XCBuildConfiguration;
			buildSettings = {
				ALWAYS_SEARCH_USER_PATHS = NO;
				CLANG_ANALYZER_NONNULL = YES;
				CLANG_ANALYZER_NUMBER_OBJECT_CONVERSION = YES_AGGRESSIVE;
				CLANG_CXX_LANGUAGE_STANDARD = "gnu++17";
				CLANG_ENABLE_MODULES = YES;
				CLANG_ENABLE_OBJC_ARC = YES;
				CLANG_ENABLE_OBJC_WEAK = YES;
				CLANG_WARN_BLOCK_CAPTURE_AUTORELEASING = YES;
				CLANG_WARN_BOOL_CONVERSION = YES;
				CLANG_WARN_COMMA = YES;
				CLANG_WARN_CONSTANT_CONVERSION = YES;
				CLANG_WARN_DEPRECATED_OBJC_IMPLEMENTATIONS = YES;
				CLANG_WARN_DIRECT_OBJC_ISA_USAGE = YES_ERROR;
				CLANG_WARN_DOCUMENTATION_COMMENTS = YES;
				CLANG_WARN_EMPTY_BODY = YES;
				CLANG_WARN_ENUM_CONVERSION = YES;
				CLANG_WARN_INFINITE_RECURSION = YES;
				CLANG_WARN_INT_CONVERSION = YES;
				CLANG_WARN_NON_LITERAL_NULL_CONVERSION = YES;
				CLANG_WARN_OBJC_IMPLICIT_RETAIN_SELF = YES;
				CLANG_WARN_OBJC_LITERAL_CONVERSION = YES;
				CLANG_WARN_OBJC_ROOT_CLASS = YES_ERROR;
				CLANG_WARN_QUOTED_INCLUDE_IN_FRAMEWORK_HEADER = YES;
				CLANG_WARN_RANGE_LOOP_ANALYSIS = YES;
				CLANG_WARN_STRICT_PROTOTYPES = YES;
				CLANG_WARN_SUSPICIOUS_MOVE = YES;
				CLANG_WARN_UNGUARDED_AVAILABILITY = YES_AGGRESSIVE;
				CLANG_WARN_UNREACHABLE_CODE = YES;
				CLANG_WARN__DUPLICATE_METHOD_MATCH = YES;
				COPY_PHASE_STRIP = NO;
				DEBUG_INFORMATION_FORMAT = "dwarf-with-dsym";
				ENABLE_NS_ASSERTIONS = NO;
				ENABLE_STRICT_OBJC_MSGSEND = YES;
				GCC_C_LANGUAGE_STANDARD = gnu11;
				GCC_NO_COMMON_BLOCKS = YES;
				GCC_WARN_64_TO_32_BIT_CONVERSION = YES;
				GCC_WARN_ABOUT_RETURN_TYPE = YES_ERROR;
				GCC_WARN_UNDECLARED_SELECTOR = YES;
				GCC_WARN_UNINITIALIZED_AUTOS = YES_AGGRESSIVE;
				GCC_WARN_UNUSED_FUNCTION = YES;
				GCC_WARN_UNUSED_VARIABLE = YES;
				IPHONEOS_DEPLOYMENT_TARGET = 15.4;
				MTL_ENABLE_DEBUG_INFO = NO;
				MTL_FAST_MATH = YES;
				SDKROOT = iphoneos;
				SWIFT_COMPILATION_MODE = wholemodule;
				SWIFT_OPTIMIZATION_LEVEL = "-O";
				VALIDATE_PRODUCT = YES;
			};
			name = Release;
		};
		3FB5FBE427E97D770059BFF8 /* Debug */ = {
			isa = XCBuildConfiguration;
			buildSettings = {
				ASSETCATALOG_COMPILER_APPICON_NAME = AppIcon;
				ASSETCATALOG_COMPILER_GLOBAL_ACCENT_COLOR_NAME = AccentColor;
				CODE_SIGN_STYLE = Automatic;
				CURRENT_PROJECT_VERSION = 1;
				GENERATE_INFOPLIST_FILE = YES;
				INFOPLIST_FILE = Manyam_WordGuess/Info.plist;
				INFOPLIST_KEY_CFBundleDisplayName = Manyam_WordGuess;
				INFOPLIST_KEY_UIApplicationSupportsIndirectInputEvents = YES;
				INFOPLIST_KEY_UILaunchStoryboardName = LaunchScreen;
				INFOPLIST_KEY_UIMainStoryboardFile = Main;
				INFOPLIST_KEY_UISupportedInterfaceOrientations_iPad = "UIInterfaceOrientationPortrait UIInterfaceOrientationPortraitUpsideDown UIInterfaceOrientationLandscapeLeft UIInterfaceOrientationLandscapeRight";
				INFOPLIST_KEY_UISupportedInterfaceOrientations_iPhone = "UIInterfaceOrientationPortrait UIInterfaceOrientationLandscapeLeft UIInterfaceOrientationLandscapeRight";
				IPHONEOS_DEPLOYMENT_TARGET = 13.4;
				LD_RUNPATH_SEARCH_PATHS = (
					"$(inherited)",
					"@executable_path/Frameworks",
				);
				MARKETING_VERSION = 1.0;
				PRODUCT_BUNDLE_IDENTIFIER = "nwmsu.Manyam-WordGuess";
				PRODUCT_NAME = "$(TARGET_NAME)";
				SWIFT_EMIT_LOC_STRINGS = YES;
				SWIFT_VERSION = 5.0;
				TARGETED_DEVICE_FAMILY = "1,2";
			};
			name = Debug;
		};
		3FB5FBE527E97D770059BFF8 /* Release */ = {
			isa = XCBuildConfiguration;
			buildSettings = {
				ASSETCATALOG_COMPILER_APPICON_NAME = AppIcon;
				ASSETCATALOG_COMPILER_GLOBAL_ACCENT_COLOR_NAME = AccentColor;
				CODE_SIGN_STYLE = Automatic;
				CURRENT_PROJECT_VERSION = 1;
				GENERATE_INFOPLIST_FILE = YES;
				INFOPLIST_FILE = Manyam_WordGuess/Info.plist;
				INFOPLIST_KEY_CFBundleDisplayName = Manyam_WordGuess;
				INFOPLIST_KEY_UIApplicationSupportsIndirectInputEvents = YES;
				INFOPLIST_KEY_UILaunchStoryboardName = LaunchScreen;
				INFOPLIST_KEY_UIMainStoryboardFile = Main;
				INFOPLIST_KEY_UISupportedInterfaceOrientations_iPad = "UIInterfaceOrientationPortrait UIInterfaceOrientationPortraitUpsideDown UIInterfaceOrientationLandscapeLeft UIInterfaceOrientationLandscapeRight";
				INFOPLIST_KEY_UISupportedInterfaceOrientations_iPhone = "UIInterfaceOrientationPortrait UIInterfaceOrientationLandscapeLeft UIInterfaceOrientationLandscapeRight";
				IPHONEOS_DEPLOYMENT_TARGET = 13.4;
				LD_RUNPATH_SEARCH_PATHS = (
					"$(inherited)",
					"@executable_path/Frameworks",
				);
				MARKETING_VERSION = 1.0;
				PRODUCT_BUNDLE_IDENTIFIER = "nwmsu.Manyam-WordGuess";
				PRODUCT_NAME = "$(TARGET_NAME)";
				SWIFT_EMIT_LOC_STRINGS = YES;
				SWIFT_VERSION = 5.0;
				TARGETED_DEVICE_FAMILY = "1,2";
			};
			name = Release;
		};
		3FB5FBE727E97D770059BFF8 /* Debug */ = {
			isa = XCBuildConfiguration;
			buildSettings = {
				ALWAYS_EMBED_SWIFT_STANDARD_LIBRARIES = YES;
				BUNDLE_LOADER = "$(TEST_HOST)";
				CODE_SIGN_STYLE = Automatic;
				CURRENT_PROJECT_VERSION = 1;
				GENERATE_INFOPLIST_FILE = YES;
				IPHONEOS_DEPLOYMENT_TARGET = 15.4;
				MARKETING_VERSION = 1.0;
				PRODUCT_BUNDLE_IDENTIFIER = "nwmsu.Manyam-WordGuessTests";
				PRODUCT_NAME = "$(TARGET_NAME)";
				SWIFT_EMIT_LOC_STRINGS = NO;
				SWIFT_VERSION = 5.0;
				TARGETED_DEVICE_FAMILY = "1,2";
				TEST_HOST = "$(BUILT_PRODUCTS_DIR)/Manyam_WordGuess.app/Manyam_WordGuess";
			};
			name = Debug;
		};
		3FB5FBE827E97D770059BFF8 /* Release */ = {
			isa = XCBuildConfiguration;
			buildSettings = {
				ALWAYS_EMBED_SWIFT_STANDARD_LIBRARIES = YES;
				BUNDLE_LOADER = "$(TEST_HOST)";
				CODE_SIGN_STYLE = Automatic;
				CURRENT_PROJECT_VERSION = 1;
				GENERATE_INFOPLIST_FILE = YES;
				IPHONEOS_DEPLOYMENT_TARGET = 15.4;
				MARKETING_VERSION = 1.0;
				PRODUCT_BUNDLE_IDENTIFIER = "nwmsu.Manyam-WordGuessTests";
				PRODUCT_NAME = "$(TARGET_NAME)";
				SWIFT_EMIT_LOC_STRINGS = NO;
				SWIFT_VERSION = 5.0;
				TARGETED_DEVICE_FAMILY = "1,2";
				TEST_HOST = "$(BUILT_PRODUCTS_DIR)/Manyam_WordGuess.app/Manyam_WordGuess";
			};
			name = Release;
		};
		3FB5FBEA27E97D770059BFF8 /* Debug */ = {
			isa = XCBuildConfiguration;
			buildSettings = {
				ALWAYS_EMBED_SWIFT_STANDARD_LIBRARIES = YES;
				CODE_SIGN_STYLE = Automatic;
				CURRENT_PROJECT_VERSION = 1;
				GENERATE_INFOPLIST_FILE = YES;
				MARKETING_VERSION = 1.0;
				PRODUCT_BUNDLE_IDENTIFIER = "nwmsu.Manyam-WordGuessUITests";
				PRODUCT_NAME = "$(TARGET_NAME)";
				SWIFT_EMIT_LOC_STRINGS = NO;
				SWIFT_VERSION = 5.0;
				TARGETED_DEVICE_FAMILY = "1,2";
				TEST_TARGET_NAME = Manyam_WordGuess;
			};
			name = Debug;
		};
		3FB5FBEB27E97D770059BFF8 /* Release */ = {
			isa = XCBuildConfiguration;
			buildSettings = {
				ALWAYS_EMBED_SWIFT_STANDARD_LIBRARIES = YES;
				CODE_SIGN_STYLE = Automatic;
				CURRENT_PROJECT_VERSION = 1;
				GENERATE_INFOPLIST_FILE = YES;
				MARKETING_VERSION = 1.0;
				PRODUCT_BUNDLE_IDENTIFIER = "nwmsu.Manyam-WordGuessUITests";
				PRODUCT_NAME = "$(TARGET_NAME)";
				SWIFT_EMIT_LOC_STRINGS = NO;
				SWIFT_VERSION = 5.0;
				TARGETED_DEVICE_FAMILY = "1,2";
				TEST_TARGET_NAME = Manyam_WordGuess;
			};
			name = Release;
		};
/* End XCBuildConfiguration section */

/* Begin XCConfigurationList section */
		3FB5FBB427E97D760059BFF8 /* Build configuration list for PBXProject "Manyam_WordGuess" */ = {
			isa = XCConfigurationList;
			buildConfigurations = (
				3FB5FBE127E97D770059BFF8 /* Debug */,
				3FB5FBE227E97D770059BFF8 /* Release */,
			);
			defaultConfigurationIsVisible = 0;
			defaultConfigurationName = Release;
		};
		3FB5FBE327E97D770059BFF8 /* Build configuration list for PBXNativeTarget "Manyam_WordGuess" */ = {
			isa = XCConfigurationList;
			buildConfigurations = (
				3FB5FBE427E97D770059BFF8 /* Debug */,
				3FB5FBE527E97D770059BFF8 /* Release */,
			);
			defaultConfigurationIsVisible = 0;
			defaultConfigurationName = Release;
		};
		3FB5FBE627E97D770059BFF8 /* Build configuration list for PBXNativeTarget "Manyam_WordGuessTests" */ = {
			isa = XCConfigurationList;
			buildConfigurations = (
				3FB5FBE727E97D770059BFF8 /* Debug */,
				3FB5FBE827E97D770059BFF8 /* Release */,
			);
			defaultConfigurationIsVisible = 0;
			defaultConfigurationName = Release;
		};
		3FB5FBE927E97D770059BFF8 /* Build configuration list for PBXNativeTarget "Manyam_WordGuessUITests" */ = {
			isa = XCConfigurationList;
			buildConfigurations = (
				3FB5FBEA27E97D770059BFF8 /* Debug */,
				3FB5FBEB27E97D770059BFF8 /* Release */,
			);
			defaultConfigurationIsVisible = 0;
			defaultConfigurationName = Release;
		};
/* End XCConfigurationList section */
	};
	rootObject = 3FB5FBB127E97D760059BFF8 /* Project object */;
}
